// !$*UTF8*$!
{
	archiveVersion = 1;
	classes = {
	};
	objectVersion = 50;
	objects = {

/* Begin PBXBuildFile section */
		6EA893F969087AD89C62A646 /* Pods_MultiPartDemo.framework in Frameworks */ = {isa = PBXBuildFile; fileRef = 44EE76A4D2B566E72ED89AD9 /* Pods_MultiPartDemo.framework */; };
		99BCC7FF25C816B800337D2C /* AppDelegate.swift in Sources */ = {isa = PBXBuildFile; fileRef = 99BCC7FE25C816B800337D2C /* AppDelegate.swift */; };
		99BCC80125C816B800337D2C /* SceneDelegate.swift in Sources */ = {isa = PBXBuildFile; fileRef = 99BCC80025C816B800337D2C /* SceneDelegate.swift */; };
		99BCC80325C816B800337D2C /* ViewController.swift in Sources */ = {isa = PBXBuildFile; fileRef = 99BCC80225C816B800337D2C /* ViewController.swift */; };
		99BCC80625C816B800337D2C /* Main.storyboard in Resources */ = {isa = PBXBuildFile; fileRef = 99BCC80425C816B800337D2C /* Main.storyboard */; };
		99BCC80825C816BA00337D2C /* Assets.xcassets in Resources */ = {isa = PBXBuildFile; fileRef = 99BCC80725C816BA00337D2C /* Assets.xcassets */; };
		99BCC80B25C816BA00337D2C /* LaunchScreen.storyboard in Resources */ = {isa = PBXBuildFile; fileRef = 99BCC80925C816BA00337D2C /* LaunchScreen.storyboard */; };
/* End PBXBuildFile section */

/* Begin PBXFileReference section */
		44EE76A4D2B566E72ED89AD9 /* Pods_MultiPartDemo.framework */ = {isa = PBXFileReference; explicitFileType = wrapper.framework; includeInIndex = 0; path = Pods_MultiPartDemo.framework; sourceTree = BUILT_PRODUCTS_DIR; };
		99BCC7FB25C816B800337D2C /* MultiPartDemo.app */ = {isa = PBXFileReference; explicitFileType = wrapper.application; includeInIndex = 0; path = MultiPartDemo.app; sourceTree = BUILT_PRODUCTS_DIR; };
		99BCC7FE25C816B800337D2C /* AppDelegate.swift */ = {isa = PBXFileReference; lastKnownFileType = sourcecode.swift; path = AppDelegate.swift; sourceTree = "<group>"; };
		99BCC80025C816B800337D2C /* SceneDelegate.swift */ = {isa = PBXFileReference; lastKnownFileType = sourcecode.swift; path = SceneDelegate.swift; sourceTree = "<group>"; };
		99BCC80225C816B800337D2C /* ViewController.swift */ = {isa = PBXFileReference; lastKnownFileType = sourcecode.swift; path = ViewController.swift; sourceTree = "<group>"; };
		99BCC80525C816B800337D2C /* Base */ = {isa = PBXFileReference; lastKnownFileType = file.storyboard; name = Base; path = Base.lproj/Main.storyboard; sourceTree = "<group>"; };
		99BCC80725C816BA00337D2C /* Assets.xcassets */ = {isa = PBXFileReference; lastKnownFileType = folder.assetcatalog; path = Assets.xcassets; sourceTree = "<group>"; };
		99BCC80A25C816BA00337D2C /* Base */ = {isa = PBXFileReference; lastKnownFileType = file.storyboard; name = Base; path = Base.lproj/LaunchScreen.storyboard; sourceTree = "<group>"; };
		99BCC80C25C816BA00337D2C /* Info.plist */ = {isa = PBXFileReference; lastKnownFileType = text.plist.xml; path = Info.plist; sourceTree = "<group>"; };
		BB13A8FDF3B9F5CDBF470B61 /* Pods-MultiPartDemo.debug.xcconfig */ = {isa = PBXFileReference; includeInIndex = 1; lastKnownFileType = text.xcconfig; name = "Pods-MultiPartDemo.debug.xcconfig"; path = "Target Support Files/Pods-MultiPartDemo/Pods-MultiPartDemo.debug.xcconfig"; sourceTree = "<group>"; };
		CFD916A03371D552B5B35E32 /* Pods-MultiPartDemo.release.xcconfig */ = {isa = PBXFileReference; includeInIndex = 1; lastKnownFileType = text.xcconfig; name = "Pods-MultiPartDemo.release.xcconfig"; path = "Target Support Files/Pods-MultiPartDemo/Pods-MultiPartDemo.release.xcconfig"; sourceTree = "<group>"; };
/* End PBXFileReference section */

/* Begin PBXFrameworksBuildPhase section */
		99BCC7F825C816B800337D2C /* Frameworks */ = {
			isa = PBXFrameworksBuildPhase;
			buildActionMask = 2147483647;
			files = (
				6EA893F969087AD89C62A646 /* Pods_MultiPartDemo.framework in Frameworks */,
			);
			runOnlyForDeploymentPostprocessing = 0;
		};
/* End PBXFrameworksBuildPhase section */

/* Begin PBXGroup section */
		1A9F192A75686D6A87CCCB84 /* Pods */ = {
			isa = PBXGroup;
			children = (
				BB13A8FDF3B9F5CDBF470B61 /* Pods-MultiPartDemo.debug.xcconfig */,
				CFD916A03371D552B5B35E32 /* Pods-MultiPartDemo.release.xcconfig */,
			);
			name = Pods;
			path = Pods;
			sourceTree = "<group>";
		};
		375C32DAAA169643ACDE1CE5 /* Frameworks */ = {
			isa = PBXGroup;
			children = (
				44EE76A4D2B566E72ED89AD9 /* Pods_MultiPartDemo.framework */,
			);
			name = Frameworks;
			sourceTree = "<group>";
		};
		99BCC7F225C816B800337D2C = {
			isa = PBXGroup;
			children = (
				99BCC7FD25C816B800337D2C /* MultiPartDemo */,
				99BCC7FC25C816B800337D2C /* Products */,
				1A9F192A75686D6A87CCCB84 /* Pods */,
				375C32DAAA169643ACDE1CE5 /* Frameworks */,
			);
			sourceTree = "<group>";
		};
		99BCC7FC25C816B800337D2C /* Products */ = {
			isa = PBXGroup;
			children = (
				99BCC7FB25C816B800337D2C /* MultiPartDemo.app */,
			);
			name = Products;
			sourceTree = "<group>";
		};
		99BCC7FD25C816B800337D2C /* MultiPartDemo */ = {
			isa = PBXGroup;
			children = (
				99BCC7FE25C816B800337D2C /* AppDelegate.swift */,
				99BCC80025C816B800337D2C /* SceneDelegate.swift */,
				99BCC80225C816B800337D2C /* ViewController.swift */,
				99BCC80425C816B800337D2C /* Main.storyboard */,
				99BCC80725C816BA00337D2C /* Assets.xcassets */,
				99BCC80925C816BA00337D2C /* LaunchScreen.storyboard */,
				99BCC80C25C816BA00337D2C /* Info.plist */,
			);
			path = MultiPartDemo;
			sourceTree = "<group>";
		};
/* End PBXGroup section */

/* Begin PBXNativeTarget section */
		99BCC7FA25C816B800337D2C /* MultiPartDemo */ = {
			isa = PBXNativeTarget;
			buildConfigurationList = 99BCC80F25C816BA00337D2C /* Build configuration list for PBXNativeTarget "MultiPartDemo" */;
			buildPhases = (
				CA102C625B456A23BDEFAE9B /* [CP] Check Pods Manifest.lock */,
				99BCC7F725C816B800337D2C /* Sources */,
				99BCC7F825C816B800337D2C /* Frameworks */,
				99BCC7F925C816B800337D2C /* Resources */,
				17DACDACE413E30CADF7B950 /* [CP] Embed Pods Frameworks */,
			);
			buildRules = (
			);
			dependencies = (
			);
			name = MultiPartDemo;
			productName = MultiPartDemo;
			productReference = 99BCC7FB25C816B800337D2C /* MultiPartDemo.app */;
			productType = "com.apple.product-type.application";
		};
/* End PBXNativeTarget section */

/* Begin PBXProject section */
		99BCC7F325C816B800337D2C /* Project object */ = {
			isa = PBXProject;
			attributes = {
				LastSwiftUpdateCheck = 1170;
				LastUpgradeCheck = 1170;
				ORGANIZATIONNAME = human.solutions;
				TargetAttributes = {
					99BCC7FA25C816B800337D2C = {
						CreatedOnToolsVersion = 11.7;
					};
				};
			};
			buildConfigurationList = 99BCC7F625C816B800337D2C /* Build configuration list for PBXProject "MultiPartDemo" */;
			compatibilityVersion = "Xcode 9.3";
			developmentRegion = en;
			hasScannedForEncodings = 0;
			knownRegions = (
				en,
				Base,
			);
			mainGroup = 99BCC7F225C816B800337D2C;
			productRefGroup = 99BCC7FC25C816B800337D2C /* Products */;
			projectDirPath = "";
			projectRoot = "";
			targets = (
				99BCC7FA25C816B800337D2C /* MultiPartDemo */,
			);
		};
/* End PBXProject section */

/* Begin PBXResourcesBuildPhase section */
		99BCC7F925C816B800337D2C /* Resources */ = {
			isa = PBXResourcesBuildPhase;
			buildActionMask = 2147483647;
			files = (
				99BCC80B25C816BA00337D2C /* LaunchScreen.storyboard in Resources */,
				99BCC80825C816BA00337D2C /* Assets.xcassets in Resources */,
				99BCC80625C816B800337D2C /* Main.storyboard in Resources */,
			);
			runOnlyForDeploymentPostprocessing = 0;
		};
/* End PBXResourcesBuildPhase section */

/* Begin PBXShellScriptBuildPhase section */
		17DACDACE413E30CADF7B950 /* [CP] Embed Pods Frameworks */ = {
			isa = PBXShellScriptBuildPhase;
			buildActionMask = 2147483647;
			files = (
			);
			inputFileListPaths = (
				"${PODS_ROOT}/Target Support Files/Pods-MultiPartDemo/Pods-MultiPartDemo-frameworks-${CONFIGURATION}-input-files.xcfilelist",
			);
			name = "[CP] Embed Pods Frameworks";
			outputFileListPaths = (
				"${PODS_ROOT}/Target Support Files/Pods-MultiPartDemo/Pods-MultiPartDemo-frameworks-${CONFIGURATION}-output-files.xcfilelist",
			);
			runOnlyForDeploymentPostprocessing = 0;
			shellPath = /bin/sh;
			shellScript = "\"${PODS_ROOT}/Target Support Files/Pods-MultiPartDemo/Pods-MultiPartDemo-frameworks.sh\"\n";
			showEnvVarsInLog = 0;
		};
		CA102C625B456A23BDEFAE9B /* [CP] Check Pods Manifest.lock */ = {
			isa = PBXShellScriptBuildPhase;
			buildActionMask = 2147483647;
			files = (
			);
			inputFileListPaths = (
			);
			inputPaths = (
				"${PODS_PODFILE_DIR_PATH}/Podfile.lock",
				"${PODS_ROOT}/Manifest.lock",
			);
			name = "[CP] Check Pods Manifest.lock";
			outputFileListPaths = (
			);
			outputPaths = (
				"$(DERIVED_FILE_DIR)/Pods-MultiPartDemo-checkManifestLockResult.txt",
			);
			runOnlyForDeploymentPostprocessing = 0;
			shellPath = /bin/sh;
			shellScript = "diff \"${PODS_PODFILE_DIR_PATH}/Podfile.lock\" \"${PODS_ROOT}/Manifest.lock\" > /dev/null\nif [ $? != 0 ] ; then\n    # print error to STDERR\n    echo \"error: The sandbox is not in sync with the Podfile.lock. Run 'pod install' or update your CocoaPods installation.\" >&2\n    exit 1\nfi\n# This output is used by Xcode 'outputs' to avoid re-running this script phase.\necho \"SUCCESS\" > \"${SCRIPT_OUTPUT_FILE_0}\"\n";
			showEnvVarsInLog = 0;
		};
/* End PBXShellScriptBuildPhase section */

/* Begin PBXSourcesBuildPhase section */
		99BCC7F725C816B800337D2C /* Sources */ = {
			isa = PBXSourcesBuildPhase;
			buildActionMask = 2147483647;
			files = (
				99BCC80325C816B800337D2C /* ViewController.swift in Sources */,
				99BCC7FF25C816B800337D2C /* AppDelegate.swift in Sources */,
				99BCC80125C816B800337D2C /* SceneDelegate.swift in Sources */,
			);
			runOnlyForDeploymentPostprocessing = 0;
		};
/* End PBXSourcesBuildPhase section */

/* Begin PBXVariantGroup section */
		99BCC80425C816B800337D2C /* Main.storyboard */ = {
			isa = PBXVariantGroup;
			children = (
				99BCC80525C816B800337D2C /* Base */,
			);
			name = Main.storyboard;
			sourceTree = "<group>";
		};
		99BCC80925C816BA00337D2C /* LaunchScreen.storyboard */ = {
			isa = PBXVariantGroup;
			children = (
				99BCC80A25C816BA00337D2C /* Base */,
			);
			name = LaunchScreen.storyboard;
			sourceTree = "<group>";
		};
/* End PBXVariantGroup section */

/* Begin XCBuildConfiguration section */
		99BCC80D25C816BA00337D2C /* Debug */ = {
			isa = XCBuildConfiguration;
			buildSettings = {
				ALWAYS_SEARCH_USER_PATHS = NO;
				CLANG_ANALYZER_NONNULL = YES;
				CLANG_ANALYZER_NUMBER_OBJECT_CONVERSION = YES_AGGRESSIVE;
				CLANG_CXX_LANGUAGE_STANDARD = "gnu++14";
				CLANG_CXX_LIBRARY = "libc++";
				CLANG_ENABLE_MODULES = YES;
				CLANG_ENABLE_OBJC_ARC = YES;
				CLANG_ENABLE_OBJC_WEAK = YES;
				CLANG_WARN_BLOCK_CAPTURE_AUTORELEASING = YES;
				CLANG_WARN_BOOL_CONVERSION = YES;
				CLANG_WARN_COMMA = YES;
				CLANG_WARN_CONSTANT_CONVERSION = YES;
				CLANG_WARN_DEPRECATED_OBJC_IMPLEMENTATIONS = YES;
				CLANG_WARN_DIRECT_OBJC_ISA_USAGE = YES_ERROR;
				CLANG_WARN_DOCUMENTATION_COMMENTS = YES;
				CLANG_WARN_EMPTY_BODY = YES;
				CLANG_WARN_ENUM_CONVERSION = YES;
				CLANG_WARN_INFINITE_RECURSION = YES;
				CLANG_WARN_INT_CONVERSION = YES;
				CLANG_WARN_NON_LITERAL_NULL_CONVERSION = YES;
				CLANG_WARN_OBJC_IMPLICIT_RETAIN_SELF = YES;
				CLANG_WARN_OBJC_LITERAL_CONVERSION = YES;
				CLANG_WARN_OBJC_ROOT_CLASS = YES_ERROR;
				CLANG_WARN_RANGE_LOOP_ANALYSIS = YES;
				CLANG_WARN_STRICT_PROTOTYPES = YES;
				CLANG_WARN_SUSPICIOUS_MOVE = YES;
				CLANG_WARN_UNGUARDED_AVAILABILITY = YES_AGGRESSIVE;
				CLANG_WARN_UNREACHABLE_CODE = YES;
				CLANG_WARN__DUPLICATE_METHOD_MATCH = YES;
				COPY_PHASE_STRIP = NO;
				DEBUG_INFORMATION_FORMAT = dwarf;
				ENABLE_STRICT_OBJC_MSGSEND = YES;
				ENABLE_TESTABILITY = YES;
				GCC_C_LANGUAGE_STANDARD = gnu11;
				GCC_DYNAMIC_NO_PIC = NO;
				GCC_NO_COMMON_BLOCKS = YES;
				GCC_OPTIMIZATION_LEVEL = 0;
				GCC_PREPROCESSOR_DEFINITIONS = (
					"DEBUG=1",
					"$(inherited)",
				);
				GCC_WARN_64_TO_32_BIT_CONVERSION = YES;
				GCC_WARN_ABOUT_RETURN_TYPE = YES_ERROR;
				GCC_WARN_UNDECLARED_SELECTOR = YES;
				GCC_WARN_UNINITIALIZED_AUTOS = YES_AGGRESSIVE;
				GCC_WARN_UNUSED_FUNCTION = YES;
				GCC_WARN_UNUSED_VARIABLE = YES;
				IPHONEOS_DEPLOYMENT_TARGET = 13.7;
				MTL_ENABLE_DEBUG_INFO = INCLUDE_SOURCE;
				MTL_FAST_MATH = YES;
				ONLY_ACTIVE_ARCH = YES;
				SDKROOT = iphoneos;
				SWIFT_ACTIVE_COMPILATION_CONDITIONS = DEBUG;
				SWIFT_OPTIMIZATION_LEVEL = "-Onone";
			};
			name = Debug;
		};
		99BCC80E25C816BA00337D2C /* Release */ = {
			isa = XCBuildConfiguration;
			buildSettings = {
				ALWAYS_SEARCH_USER_PATHS = NO;
				CLANG_ANALYZER_NONNULL = YES;
				CLANG_ANALYZER_NUMBER_OBJECT_CONVERSION = YES_AGGRESSIVE;
				CLANG_CXX_LANGUAGE_STANDARD = "gnu++14";
				CLANG_CXX_LIBRARY = "libc++";
				CLANG_ENABLE_MODULES = YES;
				CLANG_ENABLE_OBJC_ARC = YES;
				CLANG_ENABLE_OBJC_WEAK = YES;
				CLANG_WARN_BLOCK_CAPTURE_AUTORELEASING = YES;
				CLANG_WARN_BOOL_CONVERSION = YES;
				CLANG_WARN_COMMA = YES;
				CLANG_WARN_CONSTANT_CONVERSION = YES;
				CLANG_WARN_DEPRECATED_OBJC_IMPLEMENTATIONS = YES;
				CLANG_WARN_DIRECT_OBJC_ISA_USAGE = YES_ERROR;
				CLANG_WARN_DOCUMENTATION_COMMENTS = YES;
				CLANG_WARN_EMPTY_BODY = YES;
				CLANG_WARN_ENUM_CONVERSION = YES;
				CLANG_WARN_INFINITE_RECURSION = YES;
				CLANG_WARN_INT_CONVERSION = YES;
				CLANG_WARN_NON_LITERAL_NULL_CONVERSION = YES;
				CLANG_WARN_OBJC_IMPLICIT_RETAIN_SELF = YES;
				CLANG_WARN_OBJC_LITERAL_CONVERSION = YES;
				CLANG_WARN_OBJC_ROOT_CLASS = YES_ERROR;
				CLANG_WARN_RANGE_LOOP_ANALYSIS = YES;
				CLANG_WARN_STRICT_PROTOTYPES = YES;
				CLANG_WARN_SUSPICIOUS_MOVE = YES;
				CLANG_WARN_UNGUARDED_AVAILABILITY = YES_AGGRESSIVE;
				CLANG_WARN_UNREACHABLE_CODE = YES;
				CLANG_WARN__DUPLICATE_METHOD_MATCH = YES;
				COPY_PHASE_STRIP = NO;
				DEBUG_INFORMATION_FORMAT = "dwarf-with-dsym";
				ENABLE_NS_ASSERTIONS = NO;
				ENABLE_STRICT_OBJC_MSGSEND = YES;
				GCC_C_LANGUAGE_STANDARD = gnu11;
				GCC_NO_COMMON_BLOCKS = YES;
				GCC_WARN_64_TO_32_BIT_CONVERSION = YES;
				GCC_WARN_ABOUT_RETURN_TYPE = YES_ERROR;
				GCC_WARN_UNDECLARED_SELECTOR = YES;
				GCC_WARN_UNINITIALIZED_AUTOS = YES_AGGRESSIVE;
				GCC_WARN_UNUSED_FUNCTION = YES;
				GCC_WARN_UNUSED_VARIABLE = YES;
				IPHONEOS_DEPLOYMENT_TARGET = 13.7;
				MTL_ENABLE_DEBUG_INFO = NO;
				MTL_FAST_MATH = YES;
				SDKROOT = iphoneos;
				SWIFT_COMPILATION_MODE = wholemodule;
				SWIFT_OPTIMIZATION_LEVEL = "-O";
				VALIDATE_PRODUCT = YES;
			};
			name = Release;
		};
		99BCC81025C816BA00337D2C /* Debug */ = {
			isa = XCBuildConfiguration;
			baseConfigurationReference = BB13A8FDF3B9F5CDBF470B61 /* Pods-MultiPartDemo.debug.xcconfig */;
			buildSettings = {
				ASSETCATALOG_COMPILER_APPICON_NAME = AppIcon;
				CODE_SIGN_STYLE = Automatic;
				INFOPLIST_FILE = MultiPartDemo/Info.plist;
				LD_RUNPATH_SEARCH_PATHS = (
					"$(inherited)",
					"@executable_path/Frameworks",
				);
				PRODUCT_BUNDLE_IDENTIFIER = human.solutions.MultiPartDemo;
				PRODUCT_NAME = "$(TARGET_NAME)";
				SWIFT_VERSION = 5.0;
				TARGETED_DEVICE_FAMILY = "1,2";
			};
			name = Debug;
		};
		99BCC81125C816BA00337D2C /* Release */ = {
			isa = XCBuildConfiguration;
			baseConfigurationReference = CFD916A03371D552B5B35E32 /* Pods-MultiPartDemo.release.xcconfig */;
			buildSettings = {
				ASSETCATALOG_COMPILER_APPICON_NAME = AppIcon;
				CODE_SIGN_STYLE = Automatic;
				INFOPLIST_FILE = MultiPartDemo/Info.plist;
				LD_RUNPATH_SEARCH_PATHS = (
					"$(inherited)",
					"@executable_path/Frameworks",
				);
				PRODUCT_BUNDLE_IDENTIFIER = human.solutions.MultiPartDemo;
				PRODUCT_NAME = "$(TARGET_NAME)";
				SWIFT_VERSION = 5.0;
				TARGETED_DEVICE_FAMILY = "1,2";
			};
			name = Release;
		};
/* End XCBuildConfiguration section */

/* Begin XCConfigurationList section */
		99BCC7F625C816B800337D2C /* Build configuration list for PBXProject "MultiPartDemo" */ = {
			isa = XCConfigurationList;
			buildConfigurations = (
				99BCC80D25C816BA00337D2C /* Debug */,
				99BCC80E25C816BA00337D2C /* Release */,
			);
			defaultConfigurationIsVisible = 0;
			defaultConfigurationName = Release;
		};
		99BCC80F25C816BA00337D2C /* Build configuration list for PBXNativeTarget "MultiPartDemo" */ = {
			isa = XCConfigurationList;
			buildConfigurations = (
				99BCC81025C816BA00337D2C /* Debug */,
				99BCC81125C816BA00337D2C /* Release */,
			);
			defaultConfigurationIsVisible = 0;
			defaultConfigurationName = Release;
		};
/* End XCConfigurationList section */
	};
	rootObject = 99BCC7F325C816B800337D2C /* Project object */;
}
