// !$*UTF8*$!
{
	archiveVersion = 1;
	classes = {
	};
	objectVersion = 50;
	objects = {

/* Begin PBXBuildFile section */
		0A1154CBFA713840C9719BF7 /* libPods-MVCDemo.a in Frameworks */ = {isa = PBXBuildFile; fileRef = 1340AF81C6DBF9EB356797D2 /* libPods-MVCDemo.a */; };
		996EBC6525AEE97000D0F1F7 /* AppDelegate.swift in Sources */ = {isa = PBXBuildFile; fileRef = 996EBC6425AEE97000D0F1F7 /* AppDelegate.swift */; };
		996EBC6725AEE97000D0F1F7 /* SceneDelegate.swift in Sources */ = {isa = PBXBuildFile; fileRef = 996EBC6625AEE97000D0F1F7 /* SceneDelegate.swift */; };
		996EBC6925AEE97000D0F1F7 /* ViewController.swift in Sources */ = {isa = PBXBuildFile; fileRef = 996EBC6825AEE97000D0F1F7 /* ViewController.swift */; };
		996EBC6C25AEE97000D0F1F7 /* Main.storyboard in Resources */ = {isa = PBXBuildFile; fileRef = 996EBC6A25AEE97000D0F1F7 /* Main.storyboard */; };
		996EBC6E25AEE97300D0F1F7 /* Assets.xcassets in Resources */ = {isa = PBXBuildFile; fileRef = 996EBC6D25AEE97300D0F1F7 /* Assets.xcassets */; };
		996EBC7125AEE97300D0F1F7 /* LaunchScreen.storyboard in Resources */ = {isa = PBXBuildFile; fileRef = 996EBC6F25AEE97300D0F1F7 /* LaunchScreen.storyboard */; };
		99851FB325AEEF2700AB805A /* User.swift in Sources */ = {isa = PBXBuildFile; fileRef = 99851FB225AEEF2700AB805A /* User.swift */; };
		99851FBB25AF002300AB805A /* CustomTableViewCell.swift in Sources */ = {isa = PBXBuildFile; fileRef = 99851FBA25AF002300AB805A /* CustomTableViewCell.swift */; };
/* End PBXBuildFile section */

/* Begin PBXFileReference section */
		1340AF81C6DBF9EB356797D2 /* libPods-MVCDemo.a */ = {isa = PBXFileReference; explicitFileType = archive.ar; includeInIndex = 0; path = "libPods-MVCDemo.a"; sourceTree = BUILT_PRODUCTS_DIR; };
		57F7BECC264E4F1BBC89640C /* Pods-MVCDemo.debug.xcconfig */ = {isa = PBXFileReference; includeInIndex = 1; lastKnownFileType = text.xcconfig; name = "Pods-MVCDemo.debug.xcconfig"; path = "Target Support Files/Pods-MVCDemo/Pods-MVCDemo.debug.xcconfig"; sourceTree = "<group>"; };
		996EBC6125AEE97000D0F1F7 /* MVCDemo.app */ = {isa = PBXFileReference; explicitFileType = wrapper.application; includeInIndex = 0; path = MVCDemo.app; sourceTree = BUILT_PRODUCTS_DIR; };
		996EBC6425AEE97000D0F1F7 /* AppDelegate.swift */ = {isa = PBXFileReference; lastKnownFileType = sourcecode.swift; path = AppDelegate.swift; sourceTree = "<group>"; };
		996EBC6625AEE97000D0F1F7 /* SceneDelegate.swift */ = {isa = PBXFileReference; lastKnownFileType = sourcecode.swift; path = SceneDelegate.swift; sourceTree = "<group>"; };
		996EBC6825AEE97000D0F1F7 /* ViewController.swift */ = {isa = PBXFileReference; lastKnownFileType = sourcecode.swift; path = ViewController.swift; sourceTree = "<group>"; };
		996EBC6B25AEE97000D0F1F7 /* Base */ = {isa = PBXFileReference; lastKnownFileType = file.storyboard; name = Base; path = Base.lproj/Main.storyboard; sourceTree = "<group>"; };
		996EBC6D25AEE97300D0F1F7 /* Assets.xcassets */ = {isa = PBXFileReference; lastKnownFileType = folder.assetcatalog; path = Assets.xcassets; sourceTree = "<group>"; };
		996EBC7025AEE97300D0F1F7 /* Base */ = {isa = PBXFileReference; lastKnownFileType = file.storyboard; name = Base; path = Base.lproj/LaunchScreen.storyboard; sourceTree = "<group>"; };
		996EBC7225AEE97300D0F1F7 /* Info.plist */ = {isa = PBXFileReference; lastKnownFileType = text.plist.xml; path = Info.plist; sourceTree = "<group>"; };
		99851FB225AEEF2700AB805A /* User.swift */ = {isa = PBXFileReference; lastKnownFileType = sourcecode.swift; path = User.swift; sourceTree = "<group>"; };
		99851FBA25AF002300AB805A /* CustomTableViewCell.swift */ = {isa = PBXFileReference; lastKnownFileType = sourcecode.swift; path = CustomTableViewCell.swift; sourceTree = "<group>"; };
		C023B3C8A81E61B99FDFA665 /* Pods-MVCDemo.release.xcconfig */ = {isa = PBXFileReference; includeInIndex = 1; lastKnownFileType = text.xcconfig; name = "Pods-MVCDemo.release.xcconfig"; path = "Target Support Files/Pods-MVCDemo/Pods-MVCDemo.release.xcconfig"; sourceTree = "<group>"; };
/* End PBXFileReference section */

/* Begin PBXFrameworksBuildPhase section */
		996EBC5E25AEE97000D0F1F7 /* Frameworks */ = {
			isa = PBXFrameworksBuildPhase;
			buildActionMask = 2147483647;
			files = (
				0A1154CBFA713840C9719BF7 /* libPods-MVCDemo.a in Frameworks */,
			);
			runOnlyForDeploymentPostprocessing = 0;
		};
/* End PBXFrameworksBuildPhase section */

/* Begin PBXGroup section */
		11F471A2FAC82EB87748727E /* Pods */ = {
			isa = PBXGroup;
			children = (
				57F7BECC264E4F1BBC89640C /* Pods-MVCDemo.debug.xcconfig */,
				C023B3C8A81E61B99FDFA665 /* Pods-MVCDemo.release.xcconfig */,
			);
			path = Pods;
			sourceTree = "<group>";
		};
		996EBC5825AEE97000D0F1F7 = {
			isa = PBXGroup;
			children = (
				996EBC6325AEE97000D0F1F7 /* MVCDemo */,
				996EBC6225AEE97000D0F1F7 /* Products */,
				11F471A2FAC82EB87748727E /* Pods */,
				B7B3DED60136EA5D2FD4FA13 /* Frameworks */,
			);
			sourceTree = "<group>";
		};
		996EBC6225AEE97000D0F1F7 /* Products */ = {
			isa = PBXGroup;
			children = (
				996EBC6125AEE97000D0F1F7 /* MVCDemo.app */,
			);
			name = Products;
			sourceTree = "<group>";
		};
		996EBC6325AEE97000D0F1F7 /* MVCDemo */ = {
			isa = PBXGroup;
			children = (
				99851FB125AEEEBC00AB805A /* Model */,
				99851FB825AEFFC000AB805A /* View */,
				99851FB925AEFFCB00AB805A /* Controller */,
				996EBC6425AEE97000D0F1F7 /* AppDelegate.swift */,
				996EBC6625AEE97000D0F1F7 /* SceneDelegate.swift */,
				996EBC6D25AEE97300D0F1F7 /* Assets.xcassets */,
				996EBC7225AEE97300D0F1F7 /* Info.plist */,
			);
			path = MVCDemo;
			sourceTree = "<group>";
		};
		99851FB125AEEEBC00AB805A /* Model */ = {
			isa = PBXGroup;
			children = (
				99851FB225AEEF2700AB805A /* User.swift */,
			);
			path = Model;
			sourceTree = "<group>";
		};
		99851FB825AEFFC000AB805A /* View */ = {
			isa = PBXGroup;
			children = (
				996EBC6A25AEE97000D0F1F7 /* Main.storyboard */,
				996EBC6F25AEE97300D0F1F7 /* LaunchScreen.storyboard */,
				99851FBA25AF002300AB805A /* CustomTableViewCell.swift */,
			);
			path = View;
			sourceTree = "<group>";
		};
		99851FB925AEFFCB00AB805A /* Controller */ = {
			isa = PBXGroup;
			children = (
				996EBC6825AEE97000D0F1F7 /* ViewController.swift */,
			);
			path = Controller;
			sourceTree = "<group>";
		};
		B7B3DED60136EA5D2FD4FA13 /* Frameworks */ = {
			isa = PBXGroup;
			children = (
				1340AF81C6DBF9EB356797D2 /* libPods-MVCDemo.a */,
			);
			name = Frameworks;
			sourceTree = "<group>";
		};
/* End PBXGroup section */

/* Begin PBXNativeTarget section */
		996EBC6025AEE97000D0F1F7 /* MVCDemo */ = {
			isa = PBXNativeTarget;
			buildConfigurationList = 996EBC7525AEE97300D0F1F7 /* Build configuration list for PBXNativeTarget "MVCDemo" */;
			buildPhases = (
				0E0B4EEFFA747A77BEA1F13C /* [CP] Check Pods Manifest.lock */,
				996EBC5D25AEE97000D0F1F7 /* Sources */,
				996EBC5E25AEE97000D0F1F7 /* Frameworks */,
				996EBC5F25AEE97000D0F1F7 /* Resources */,
			);
			buildRules = (
			);
			dependencies = (
			);
			name = MVCDemo;
			productName = MVCDemo;
			productReference = 996EBC6125AEE97000D0F1F7 /* MVCDemo.app */;
			productType = "com.apple.product-type.application";
		};
/* End PBXNativeTarget section */

/* Begin PBXProject section */
		996EBC5925AEE97000D0F1F7 /* Project object */ = {
			isa = PBXProject;
			attributes = {
				LastSwiftUpdateCheck = 1170;
				LastUpgradeCheck = 1170;
				ORGANIZATIONNAME = human.solutions;
				TargetAttributes = {
					996EBC6025AEE97000D0F1F7 = {
						CreatedOnToolsVersion = 11.7;
					};
				};
			};
			buildConfigurationList = 996EBC5C25AEE97000D0F1F7 /* Build configuration list for PBXProject "MVCDemo" */;
			compatibilityVersion = "Xcode 9.3";
			developmentRegion = en;
			hasScannedForEncodings = 0;
			knownRegions = (
				en,
				Base,
			);
			mainGroup = 996EBC5825AEE97000D0F1F7;
			productRefGroup = 996EBC6225AEE97000D0F1F7 /* Products */;
			projectDirPath = "";
			projectRoot = "";
			targets = (
				996EBC6025AEE97000D0F1F7 /* MVCDemo */,
			);
		};
/* End PBXProject section */

/* Begin PBXResourcesBuildPhase section */
		996EBC5F25AEE97000D0F1F7 /* Resources */ = {
			isa = PBXResourcesBuildPhase;
			buildActionMask = 2147483647;
			files = (
				996EBC7125AEE97300D0F1F7 /* LaunchScreen.storyboard in Resources */,
				996EBC6E25AEE97300D0F1F7 /* Assets.xcassets in Resources */,
				996EBC6C25AEE97000D0F1F7 /* Main.storyboard in Resources */,
			);
			runOnlyForDeploymentPostprocessing = 0;
		};
/* End PBXResourcesBuildPhase section */

/* Begin PBXShellScriptBuildPhase section */
		0E0B4EEFFA747A77BEA1F13C /* [CP] Check Pods Manifest.lock */ = {
			isa = PBXShellScriptBuildPhase;
			buildActionMask = 2147483647;
			files = (
			);
			inputFileListPaths = (
			);
			inputPaths = (
				"${PODS_PODFILE_DIR_PATH}/Podfile.lock",
				"${PODS_ROOT}/Manifest.lock",
			);
			name = "[CP] Check Pods Manifest.lock";
			outputFileListPaths = (
			);
			outputPaths = (
				"$(DERIVED_FILE_DIR)/Pods-MVCDemo-checkManifestLockResult.txt",
			);
			runOnlyForDeploymentPostprocessing = 0;
			shellPath = /bin/sh;
			shellScript = "diff \"${PODS_PODFILE_DIR_PATH}/Podfile.lock\" \"${PODS_ROOT}/Manifest.lock\" > /dev/null\nif [ $? != 0 ] ; then\n    # print error to STDERR\n    echo \"error: The sandbox is not in sync with the Podfile.lock. Run 'pod install' or update your CocoaPods installation.\" >&2\n    exit 1\nfi\n# This output is used by Xcode 'outputs' to avoid re-running this script phase.\necho \"SUCCESS\" > \"${SCRIPT_OUTPUT_FILE_0}\"\n";
			showEnvVarsInLog = 0;
		};
/* End PBXShellScriptBuildPhase section */

/* Begin PBXSourcesBuildPhase section */
		996EBC5D25AEE97000D0F1F7 /* Sources */ = {
			isa = PBXSourcesBuildPhase;
			buildActionMask = 2147483647;
			files = (
				99851FB325AEEF2700AB805A /* User.swift in Sources */,
				99851FBB25AF002300AB805A /* CustomTableViewCell.swift in Sources */,
				996EBC6925AEE97000D0F1F7 /* ViewController.swift in Sources */,
				996EBC6525AEE97000D0F1F7 /* AppDelegate.swift in Sources */,
				996EBC6725AEE97000D0F1F7 /* SceneDelegate.swift in Sources */,
			);
			runOnlyForDeploymentPostprocessing = 0;
		};
/* End PBXSourcesBuildPhase section */

/* Begin PBXVariantGroup section */
		996EBC6A25AEE97000D0F1F7 /* Main.storyboard */ = {
			isa = PBXVariantGroup;
			children = (
				996EBC6B25AEE97000D0F1F7 /* Base */,
			);
			name = Main.storyboard;
			sourceTree = "<group>";
		};
		996EBC6F25AEE97300D0F1F7 /* LaunchScreen.storyboard */ = {
			isa = PBXVariantGroup;
			children = (
				996EBC7025AEE97300D0F1F7 /* Base */,
			);
			name = LaunchScreen.storyboard;
			sourceTree = "<group>";
		};
/* End PBXVariantGroup section */

/* Begin XCBuildConfiguration section */
		996EBC7325AEE97300D0F1F7 /* Debug */ = {
			isa = XCBuildConfiguration;
			buildSettings = {
				ALWAYS_SEARCH_USER_PATHS = NO;
				CLANG_ANALYZER_NONNULL = YES;
				CLANG_ANALYZER_NUMBER_OBJECT_CONVERSION = YES_AGGRESSIVE;
				CLANG_CXX_LANGUAGE_STANDARD = "gnu++14";
				CLANG_CXX_LIBRARY = "libc++";
				CLANG_ENABLE_MODULES = YES;
				CLANG_ENABLE_OBJC_ARC = YES;
				CLANG_ENABLE_OBJC_WEAK = YES;
				CLANG_WARN_BLOCK_CAPTURE_AUTORELEASING = YES;
				CLANG_WARN_BOOL_CONVERSION = YES;
				CLANG_WARN_COMMA = YES;
				CLANG_WARN_CONSTANT_CONVERSION = YES;
				CLANG_WARN_DEPRECATED_OBJC_IMPLEMENTATIONS = YES;
				CLANG_WARN_DIRECT_OBJC_ISA_USAGE = YES_ERROR;
				CLANG_WARN_DOCUMENTATION_COMMENTS = YES;
				CLANG_WARN_EMPTY_BODY = YES;
				CLANG_WARN_ENUM_CONVERSION = YES;
				CLANG_WARN_INFINITE_RECURSION = YES;
				CLANG_WARN_INT_CONVERSION = YES;
				CLANG_WARN_NON_LITERAL_NULL_CONVERSION = YES;
				CLANG_WARN_OBJC_IMPLICIT_RETAIN_SELF = YES;
				CLANG_WARN_OBJC_LITERAL_CONVERSION = YES;
				CLANG_WARN_OBJC_ROOT_CLASS = YES_ERROR;
				CLANG_WARN_RANGE_LOOP_ANALYSIS = YES;
				CLANG_WARN_STRICT_PROTOTYPES = YES;
				CLANG_WARN_SUSPICIOUS_MOVE = YES;
				CLANG_WARN_UNGUARDED_AVAILABILITY = YES_AGGRESSIVE;
				CLANG_WARN_UNREACHABLE_CODE = YES;
				CLANG_WARN__DUPLICATE_METHOD_MATCH = YES;
				COPY_PHASE_STRIP = NO;
				DEBUG_INFORMATION_FORMAT = dwarf;
				ENABLE_STRICT_OBJC_MSGSEND = YES;
				ENABLE_TESTABILITY = YES;
				GCC_C_LANGUAGE_STANDARD = gnu11;
				GCC_DYNAMIC_NO_PIC = NO;
				GCC_NO_COMMON_BLOCKS = YES;
				GCC_OPTIMIZATION_LEVEL = 0;
				GCC_PREPROCESSOR_DEFINITIONS = (
					"DEBUG=1",
					"$(inherited)",
				);
				GCC_WARN_64_TO_32_BIT_CONVERSION = YES;
				GCC_WARN_ABOUT_RETURN_TYPE = YES_ERROR;
				GCC_WARN_UNDECLARED_SELECTOR = YES;
				GCC_WARN_UNINITIALIZED_AUTOS = YES_AGGRESSIVE;
				GCC_WARN_UNUSED_FUNCTION = YES;
				GCC_WARN_UNUSED_VARIABLE = YES;
				IPHONEOS_DEPLOYMENT_TARGET = 13.7;
				MTL_ENABLE_DEBUG_INFO = INCLUDE_SOURCE;
				MTL_FAST_MATH = YES;
				ONLY_ACTIVE_ARCH = YES;
				SDKROOT = iphoneos;
				SWIFT_ACTIVE_COMPILATION_CONDITIONS = DEBUG;
				SWIFT_OPTIMIZATION_LEVEL = "-Onone";
			};
			name = Debug;
		};
		996EBC7425AEE97300D0F1F7 /* Release */ = {
			isa = XCBuildConfiguration;
			buildSettings = {
				ALWAYS_SEARCH_USER_PATHS = NO;
				CLANG_ANALYZER_NONNULL = YES;
				CLANG_ANALYZER_NUMBER_OBJECT_CONVERSION = YES_AGGRESSIVE;
				CLANG_CXX_LANGUAGE_STANDARD = "gnu++14";
				CLANG_CXX_LIBRARY = "libc++";
				CLANG_ENABLE_MODULES = YES;
				CLANG_ENABLE_OBJC_ARC = YES;
				CLANG_ENABLE_OBJC_WEAK = YES;
				CLANG_WARN_BLOCK_CAPTURE_AUTORELEASING = YES;
				CLANG_WARN_BOOL_CONVERSION = YES;
				CLANG_WARN_COMMA = YES;
				CLANG_WARN_CONSTANT_CONVERSION = YES;
				CLANG_WARN_DEPRECATED_OBJC_IMPLEMENTATIONS = YES;
				CLANG_WARN_DIRECT_OBJC_ISA_USAGE = YES_ERROR;
				CLANG_WARN_DOCUMENTATION_COMMENTS = YES;
				CLANG_WARN_EMPTY_BODY = YES;
				CLANG_WARN_ENUM_CONVERSION = YES;
				CLANG_WARN_INFINITE_RECURSION = YES;
				CLANG_WARN_INT_CONVERSION = YES;
				CLANG_WARN_NON_LITERAL_NULL_CONVERSION = YES;
				CLANG_WARN_OBJC_IMPLICIT_RETAIN_SELF = YES;
				CLANG_WARN_OBJC_LITERAL_CONVERSION = YES;
				CLANG_WARN_OBJC_ROOT_CLASS = YES_ERROR;
				CLANG_WARN_RANGE_LOOP_ANALYSIS = YES;
				CLANG_WARN_STRICT_PROTOTYPES = YES;
				CLANG_WARN_SUSPICIOUS_MOVE = YES;
				CLANG_WARN_UNGUARDED_AVAILABILITY = YES_AGGRESSIVE;
				CLANG_WARN_UNREACHABLE_CODE = YES;
				CLANG_WARN__DUPLICATE_METHOD_MATCH = YES;
				COPY_PHASE_STRIP = NO;
				DEBUG_INFORMATION_FORMAT = "dwarf-with-dsym";
				ENABLE_NS_ASSERTIONS = NO;
				ENABLE_STRICT_OBJC_MSGSEND = YES;
				GCC_C_LANGUAGE_STANDARD = gnu11;
				GCC_NO_COMMON_BLOCKS = YES;
				GCC_WARN_64_TO_32_BIT_CONVERSION = YES;
				GCC_WARN_ABOUT_RETURN_TYPE = YES_ERROR;
				GCC_WARN_UNDECLARED_SELECTOR = YES;
				GCC_WARN_UNINITIALIZED_AUTOS = YES_AGGRESSIVE;
				GCC_WARN_UNUSED_FUNCTION = YES;
				GCC_WARN_UNUSED_VARIABLE = YES;
				IPHONEOS_DEPLOYMENT_TARGET = 13.7;
				MTL_ENABLE_DEBUG_INFO = NO;
				MTL_FAST_MATH = YES;
				SDKROOT = iphoneos;
				SWIFT_COMPILATION_MODE = wholemodule;
				SWIFT_OPTIMIZATION_LEVEL = "-O";
				VALIDATE_PRODUCT = YES;
			};
			name = Release;
		};
		996EBC7625AEE97300D0F1F7 /* Debug */ = {
			isa = XCBuildConfiguration;
			baseConfigurationReference = 57F7BECC264E4F1BBC89640C /* Pods-MVCDemo.debug.xcconfig */;
			buildSettings = {
				ASSETCATALOG_COMPILER_APPICON_NAME = AppIcon;
				CODE_SIGN_STYLE = Automatic;
				DEVELOPMENT_TEAM = BA2ATQ5B2J;
				INFOPLIST_FILE = MVCDemo/Info.plist;
				LD_RUNPATH_SEARCH_PATHS = (
					"$(inherited)",
					"@executable_path/Frameworks",
				);
				PRODUCT_BUNDLE_IDENTIFIER = human.solutions.MVCDemo;
				PRODUCT_NAME = "$(TARGET_NAME)";
				SWIFT_VERSION = 5.0;
				TARGETED_DEVICE_FAMILY = "1,2";
			};
			name = Debug;
		};
		996EBC7725AEE97300D0F1F7 /* Release */ = {
			isa = XCBuildConfiguration;
			baseConfigurationReference = C023B3C8A81E61B99FDFA665 /* Pods-MVCDemo.release.xcconfig */;
			buildSettings = {
				ASSETCATALOG_COMPILER_APPICON_NAME = AppIcon;
				CODE_SIGN_STYLE = Automatic;
				DEVELOPMENT_TEAM = BA2ATQ5B2J;
				INFOPLIST_FILE = MVCDemo/Info.plist;
				LD_RUNPATH_SEARCH_PATHS = (
					"$(inherited)",
					"@executable_path/Frameworks",
				);
				PRODUCT_BUNDLE_IDENTIFIER = human.solutions.MVCDemo;
				PRODUCT_NAME = "$(TARGET_NAME)";
				SWIFT_VERSION = 5.0;
				TARGETED_DEVICE_FAMILY = "1,2";
			};
			name = Release;
		};
/* End XCBuildConfiguration section */

/* Begin XCConfigurationList section */
		996EBC5C25AEE97000D0F1F7 /* Build configuration list for PBXProject "MVCDemo" */ = {
			isa = XCConfigurationList;
			buildConfigurations = (
				996EBC7325AEE97300D0F1F7 /* Debug */,
				996EBC7425AEE97300D0F1F7 /* Release */,
			);
			defaultConfigurationIsVisible = 0;
			defaultConfigurationName = Release;
		};
		996EBC7525AEE97300D0F1F7 /* Build configuration list for PBXNativeTarget "MVCDemo" */ = {
			isa = XCConfigurationList;
			buildConfigurations = (
				996EBC7625AEE97300D0F1F7 /* Debug */,
				996EBC7725AEE97300D0F1F7 /* Release */,
			);
			defaultConfigurationIsVisible = 0;
			defaultConfigurationName = Release;
		};
/* End XCConfigurationList section */
	};
	rootObject = 996EBC5925AEE97000D0F1F7 /* Project object */;
}
