// !$*UTF8*$!
{
	archiveVersion = 1;
	classes = {
	};
	objectVersion = 50;
	objects = {

/* Begin PBXBuildFile section */
		998F9CCD25BFD2FE00BEDE5B /* AppDelegate.swift in Sources */ = {isa = PBXBuildFile; fileRef = 998F9CCC25BFD2FE00BEDE5B /* AppDelegate.swift */; };
		998F9CCF25BFD2FE00BEDE5B /* SceneDelegate.swift in Sources */ = {isa = PBXBuildFile; fileRef = 998F9CCE25BFD2FE00BEDE5B /* SceneDelegate.swift */; };
		998F9CD125BFD2FE00BEDE5B /* ViewController.swift in Sources */ = {isa = PBXBuildFile; fileRef = 998F9CD025BFD2FE00BEDE5B /* ViewController.swift */; };
		998F9CD425BFD2FE00BEDE5B /* Main.storyboard in Resources */ = {isa = PBXBuildFile; fileRef = 998F9CD225BFD2FE00BEDE5B /* Main.storyboard */; };
		998F9CD625BFD30000BEDE5B /* Assets.xcassets in Resources */ = {isa = PBXBuildFile; fileRef = 998F9CD525BFD30000BEDE5B /* Assets.xcassets */; };
		998F9CD925BFD30000BEDE5B /* LaunchScreen.storyboard in Resources */ = {isa = PBXBuildFile; fileRef = 998F9CD725BFD30000BEDE5B /* LaunchScreen.storyboard */; };
/* End PBXBuildFile section */

/* Begin PBXFileReference section */
		998F9CC925BFD2FE00BEDE5B /* TextFieldChangeDemo.app */ = {isa = PBXFileReference; explicitFileType = wrapper.application; includeInIndex = 0; path = TextFieldChangeDemo.app; sourceTree = BUILT_PRODUCTS_DIR; };
		998F9CCC25BFD2FE00BEDE5B /* AppDelegate.swift */ = {isa = PBXFileReference; lastKnownFileType = sourcecode.swift; path = AppDelegate.swift; sourceTree = "<group>"; };
		998F9CCE25BFD2FE00BEDE5B /* SceneDelegate.swift */ = {isa = PBXFileReference; lastKnownFileType = sourcecode.swift; path = SceneDelegate.swift; sourceTree = "<group>"; };
		998F9CD025BFD2FE00BEDE5B /* ViewController.swift */ = {isa = PBXFileReference; lastKnownFileType = sourcecode.swift; path = ViewController.swift; sourceTree = "<group>"; };
		998F9CD325BFD2FE00BEDE5B /* Base */ = {isa = PBXFileReference; lastKnownFileType = file.storyboard; name = Base; path = Base.lproj/Main.storyboard; sourceTree = "<group>"; };
		998F9CD525BFD30000BEDE5B /* Assets.xcassets */ = {isa = PBXFileReference; lastKnownFileType = folder.assetcatalog; path = Assets.xcassets; sourceTree = "<group>"; };
		998F9CD825BFD30000BEDE5B /* Base */ = {isa = PBXFileReference; lastKnownFileType = file.storyboard; name = Base; path = Base.lproj/LaunchScreen.storyboard; sourceTree = "<group>"; };
		998F9CDA25BFD30000BEDE5B /* Info.plist */ = {isa = PBXFileReference; lastKnownFileType = text.plist.xml; path = Info.plist; sourceTree = "<group>"; };
/* End PBXFileReference section */

/* Begin PBXFrameworksBuildPhase section */
		998F9CC625BFD2FE00BEDE5B /* Frameworks */ = {
			isa = PBXFrameworksBuildPhase;
			buildActionMask = 2147483647;
			files = (
			);
			runOnlyForDeploymentPostprocessing = 0;
		};
/* End PBXFrameworksBuildPhase section */

/* Begin PBXGroup section */
		998F9CC025BFD2FE00BEDE5B = {
			isa = PBXGroup;
			children = (
				998F9CCB25BFD2FE00BEDE5B /* TextFieldChangeDemo */,
				998F9CCA25BFD2FE00BEDE5B /* Products */,
			);
			sourceTree = "<group>";
		};
		998F9CCA25BFD2FE00BEDE5B /* Products */ = {
			isa = PBXGroup;
			children = (
				998F9CC925BFD2FE00BEDE5B /* TextFieldChangeDemo.app */,
			);
			name = Products;
			sourceTree = "<group>";
		};
		998F9CCB25BFD2FE00BEDE5B /* TextFieldChangeDemo */ = {
			isa = PBXGroup;
			children = (
				998F9CCC25BFD2FE00BEDE5B /* AppDelegate.swift */,
				998F9CCE25BFD2FE00BEDE5B /* SceneDelegate.swift */,
				998F9CD025BFD2FE00BEDE5B /* ViewController.swift */,
				998F9CD225BFD2FE00BEDE5B /* Main.storyboard */,
				998F9CD525BFD30000BEDE5B /* Assets.xcassets */,
				998F9CD725BFD30000BEDE5B /* LaunchScreen.storyboard */,
				998F9CDA25BFD30000BEDE5B /* Info.plist */,
			);
			path = TextFieldChangeDemo;
			sourceTree = "<group>";
		};
/* End PBXGroup section */

/* Begin PBXNativeTarget section */
		998F9CC825BFD2FE00BEDE5B /* TextFieldChangeDemo */ = {
			isa = PBXNativeTarget;
			buildConfigurationList = 998F9CDD25BFD30000BEDE5B /* Build configuration list for PBXNativeTarget "TextFieldChangeDemo" */;
			buildPhases = (
				998F9CC525BFD2FE00BEDE5B /* Sources */,
				998F9CC625BFD2FE00BEDE5B /* Frameworks */,
				998F9CC725BFD2FE00BEDE5B /* Resources */,
			);
			buildRules = (
			);
			dependencies = (
			);
			name = TextFieldChangeDemo;
			productName = TextFieldChangeDemo;
			productReference = 998F9CC925BFD2FE00BEDE5B /* TextFieldChangeDemo.app */;
			productType = "com.apple.product-type.application";
		};
/* End PBXNativeTarget section */

/* Begin PBXProject section */
		998F9CC125BFD2FE00BEDE5B /* Project object */ = {
			isa = PBXProject;
			attributes = {
				LastSwiftUpdateCheck = 1170;
				LastUpgradeCheck = 1170;
				ORGANIZATIONNAME = human.solutions;
				TargetAttributes = {
					998F9CC825BFD2FE00BEDE5B = {
						CreatedOnToolsVersion = 11.7;
					};
				};
			};
			buildConfigurationList = 998F9CC425BFD2FE00BEDE5B /* Build configuration list for PBXProject "TextFieldChangeDemo" */;
			compatibilityVersion = "Xcode 9.3";
			developmentRegion = en;
			hasScannedForEncodings = 0;
			knownRegions = (
				en,
				Base,
			);
			mainGroup = 998F9CC025BFD2FE00BEDE5B;
			productRefGroup = 998F9CCA25BFD2FE00BEDE5B /* Products */;
			projectDirPath = "";
			projectRoot = "";
			targets = (
				998F9CC825BFD2FE00BEDE5B /* TextFieldChangeDemo */,
			);
		};
/* End PBXProject section */

/* Begin PBXResourcesBuildPhase section */
		998F9CC725BFD2FE00BEDE5B /* Resources */ = {
			isa = PBXResourcesBuildPhase;
			buildActionMask = 2147483647;
			files = (
				998F9CD925BFD30000BEDE5B /* LaunchScreen.storyboard in Resources */,
				998F9CD625BFD30000BEDE5B /* Assets.xcassets in Resources */,
				998F9CD425BFD2FE00BEDE5B /* Main.storyboard in Resources */,
			);
			runOnlyForDeploymentPostprocessing = 0;
		};
/* End PBXResourcesBuildPhase section */

/* Begin PBXSourcesBuildPhase section */
		998F9CC525BFD2FE00BEDE5B /* Sources */ = {
			isa = PBXSourcesBuildPhase;
			buildActionMask = 2147483647;
			files = (
				998F9CD125BFD2FE00BEDE5B /* ViewController.swift in Sources */,
				998F9CCD25BFD2FE00BEDE5B /* AppDelegate.swift in Sources */,
				998F9CCF25BFD2FE00BEDE5B /* SceneDelegate.swift in Sources */,
			);
			runOnlyForDeploymentPostprocessing = 0;
		};
/* End PBXSourcesBuildPhase section */

/* Begin PBXVariantGroup section */
		998F9CD225BFD2FE00BEDE5B /* Main.storyboard */ = {
			isa = PBXVariantGroup;
			children = (
				998F9CD325BFD2FE00BEDE5B /* Base */,
			);
			name = Main.storyboard;
			sourceTree = "<group>";
		};
		998F9CD725BFD30000BEDE5B /* LaunchScreen.storyboard */ = {
			isa = PBXVariantGroup;
			children = (
				998F9CD825BFD30000BEDE5B /* Base */,
			);
			name = LaunchScreen.storyboard;
			sourceTree = "<group>";
		};
/* End PBXVariantGroup section */

/* Begin XCBuildConfiguration section */
		998F9CDB25BFD30000BEDE5B /* Debug */ = {
			isa = XCBuildConfiguration;
			buildSettings = {
				ALWAYS_SEARCH_USER_PATHS = NO;
				CLANG_ANALYZER_NONNULL = YES;
				CLANG_ANALYZER_NUMBER_OBJECT_CONVERSION = YES_AGGRESSIVE;
				CLANG_CXX_LANGUAGE_STANDARD = "gnu++14";
				CLANG_CXX_LIBRARY = "libc++";
				CLANG_ENABLE_MODULES = YES;
				CLANG_ENABLE_OBJC_ARC = YES;
				CLANG_ENABLE_OBJC_WEAK = YES;
				CLANG_WARN_BLOCK_CAPTURE_AUTORELEASING = YES;
				CLANG_WARN_BOOL_CONVERSION = YES;
				CLANG_WARN_COMMA = YES;
				CLANG_WARN_CONSTANT_CONVERSION = YES;
				CLANG_WARN_DEPRECATED_OBJC_IMPLEMENTATIONS = YES;
				CLANG_WARN_DIRECT_OBJC_ISA_USAGE = YES_ERROR;
				CLANG_WARN_DOCUMENTATION_COMMENTS = YES;
				CLANG_WARN_EMPTY_BODY = YES;
				CLANG_WARN_ENUM_CONVERSION = YES;
				CLANG_WARN_INFINITE_RECURSION = YES;
				CLANG_WARN_INT_CONVERSION = YES;
				CLANG_WARN_NON_LITERAL_NULL_CONVERSION = YES;
				CLANG_WARN_OBJC_IMPLICIT_RETAIN_SELF = YES;
				CLANG_WARN_OBJC_LITERAL_CONVERSION = YES;
				CLANG_WARN_OBJC_ROOT_CLASS = YES_ERROR;
				CLANG_WARN_RANGE_LOOP_ANALYSIS = YES;
				CLANG_WARN_STRICT_PROTOTYPES = YES;
				CLANG_WARN_SUSPICIOUS_MOVE = YES;
				CLANG_WARN_UNGUARDED_AVAILABILITY = YES_AGGRESSIVE;
				CLANG_WARN_UNREACHABLE_CODE = YES;
				CLANG_WARN__DUPLICATE_METHOD_MATCH = YES;
				COPY_PHASE_STRIP = NO;
				DEBUG_INFORMATION_FORMAT = dwarf;
				ENABLE_STRICT_OBJC_MSGSEND = YES;
				ENABLE_TESTABILITY = YES;
				GCC_C_LANGUAGE_STANDARD = gnu11;
				GCC_DYNAMIC_NO_PIC = NO;
				GCC_NO_COMMON_BLOCKS = YES;
				GCC_OPTIMIZATION_LEVEL = 0;
				GCC_PREPROCESSOR_DEFINITIONS = (
					"DEBUG=1",
					"$(inherited)",
				);
				GCC_WARN_64_TO_32_BIT_CONVERSION = YES;
				GCC_WARN_ABOUT_RETURN_TYPE = YES_ERROR;
				GCC_WARN_UNDECLARED_SELECTOR = YES;
				GCC_WARN_UNINITIALIZED_AUTOS = YES_AGGRESSIVE;
				GCC_WARN_UNUSED_FUNCTION = YES;
				GCC_WARN_UNUSED_VARIABLE = YES;
				IPHONEOS_DEPLOYMENT_TARGET = 13.7;
				MTL_ENABLE_DEBUG_INFO = INCLUDE_SOURCE;
				MTL_FAST_MATH = YES;
				ONLY_ACTIVE_ARCH = YES;
				SDKROOT = iphoneos;
				SWIFT_ACTIVE_COMPILATION_CONDITIONS = DEBUG;
				SWIFT_OPTIMIZATION_LEVEL = "-Onone";
			};
			name = Debug;
		};
		998F9CDC25BFD30000BEDE5B /* Release */ = {
			isa = XCBuildConfiguration;
			buildSettings = {
				ALWAYS_SEARCH_USER_PATHS = NO;
				CLANG_ANALYZER_NONNULL = YES;
				CLANG_ANALYZER_NUMBER_OBJECT_CONVERSION = YES_AGGRESSIVE;
				CLANG_CXX_LANGUAGE_STANDARD = "gnu++14";
				CLANG_CXX_LIBRARY = "libc++";
				CLANG_ENABLE_MODULES = YES;
				CLANG_ENABLE_OBJC_ARC = YES;
				CLANG_ENABLE_OBJC_WEAK = YES;
				CLANG_WARN_BLOCK_CAPTURE_AUTORELEASING = YES;
				CLANG_WARN_BOOL_CONVERSION = YES;
				CLANG_WARN_COMMA = YES;
				CLANG_WARN_CONSTANT_CONVERSION = YES;
				CLANG_WARN_DEPRECATED_OBJC_IMPLEMENTATIONS = YES;
				CLANG_WARN_DIRECT_OBJC_ISA_USAGE = YES_ERROR;
				CLANG_WARN_DOCUMENTATION_COMMENTS = YES;
				CLANG_WARN_EMPTY_BODY = YES;
				CLANG_WARN_ENUM_CONVERSION = YES;
				CLANG_WARN_INFINITE_RECURSION = YES;
				CLANG_WARN_INT_CONVERSION = YES;
				CLANG_WARN_NON_LITERAL_NULL_CONVERSION = YES;
				CLANG_WARN_OBJC_IMPLICIT_RETAIN_SELF = YES;
				CLANG_WARN_OBJC_LITERAL_CONVERSION = YES;
				CLANG_WARN_OBJC_ROOT_CLASS = YES_ERROR;
				CLANG_WARN_RANGE_LOOP_ANALYSIS = YES;
				CLANG_WARN_STRICT_PROTOTYPES = YES;
				CLANG_WARN_SUSPICIOUS_MOVE = YES;
				CLANG_WARN_UNGUARDED_AVAILABILITY = YES_AGGRESSIVE;
				CLANG_WARN_UNREACHABLE_CODE = YES;
				CLANG_WARN__DUPLICATE_METHOD_MATCH = YES;
				COPY_PHASE_STRIP = NO;
				DEBUG_INFORMATION_FORMAT = "dwarf-with-dsym";
				ENABLE_NS_ASSERTIONS = NO;
				ENABLE_STRICT_OBJC_MSGSEND = YES;
				GCC_C_LANGUAGE_STANDARD = gnu11;
				GCC_NO_COMMON_BLOCKS = YES;
				GCC_WARN_64_TO_32_BIT_CONVERSION = YES;
				GCC_WARN_ABOUT_RETURN_TYPE = YES_ERROR;
				GCC_WARN_UNDECLARED_SELECTOR = YES;
				GCC_WARN_UNINITIALIZED_AUTOS = YES_AGGRESSIVE;
				GCC_WARN_UNUSED_FUNCTION = YES;
				GCC_WARN_UNUSED_VARIABLE = YES;
				IPHONEOS_DEPLOYMENT_TARGET = 13.7;
				MTL_ENABLE_DEBUG_INFO = NO;
				MTL_FAST_MATH = YES;
				SDKROOT = iphoneos;
				SWIFT_COMPILATION_MODE = wholemodule;
				SWIFT_OPTIMIZATION_LEVEL = "-O";
				VALIDATE_PRODUCT = YES;
			};
			name = Release;
		};
		998F9CDE25BFD30000BEDE5B /* Debug */ = {
			isa = XCBuildConfiguration;
			buildSettings = {
				ASSETCATALOG_COMPILER_APPICON_NAME = AppIcon;
				CODE_SIGN_STYLE = Automatic;
				INFOPLIST_FILE = TextFieldChangeDemo/Info.plist;
				LD_RUNPATH_SEARCH_PATHS = (
					"$(inherited)",
					"@executable_path/Frameworks",
				);
				PRODUCT_BUNDLE_IDENTIFIER = human.solutions.TextFieldChangeDemo;
				PRODUCT_NAME = "$(TARGET_NAME)";
				SWIFT_VERSION = 5.0;
				TARGETED_DEVICE_FAMILY = "1,2";
			};
			name = Debug;
		};
		998F9CDF25BFD30000BEDE5B /* Release */ = {
			isa = XCBuildConfiguration;
			buildSettings = {
				ASSETCATALOG_COMPILER_APPICON_NAME = AppIcon;
				CODE_SIGN_STYLE = Automatic;
				INFOPLIST_FILE = TextFieldChangeDemo/Info.plist;
				LD_RUNPATH_SEARCH_PATHS = (
					"$(inherited)",
					"@executable_path/Frameworks",
				);
				PRODUCT_BUNDLE_IDENTIFIER = human.solutions.TextFieldChangeDemo;
				PRODUCT_NAME = "$(TARGET_NAME)";
				SWIFT_VERSION = 5.0;
				TARGETED_DEVICE_FAMILY = "1,2";
			};
			name = Release;
		};
/* End XCBuildConfiguration section */

/* Begin XCConfigurationList section */
		998F9CC425BFD2FE00BEDE5B /* Build configuration list for PBXProject "TextFieldChangeDemo" */ = {
			isa = XCConfigurationList;
			buildConfigurations = (
				998F9CDB25BFD30000BEDE5B /* Debug */,
				998F9CDC25BFD30000BEDE5B /* Release */,
			);
			defaultConfigurationIsVisible = 0;
			defaultConfigurationName = Release;
		};
		998F9CDD25BFD30000BEDE5B /* Build configuration list for PBXNativeTarget "TextFieldChangeDemo" */ = {
			isa = XCConfigurationList;
			buildConfigurations = (
				998F9CDE25BFD30000BEDE5B /* Debug */,
				998F9CDF25BFD30000BEDE5B /* Release */,
			);
			defaultConfigurationIsVisible = 0;
			defaultConfigurationName = Release;
		};
/* End XCConfigurationList section */
	};
	rootObject = 998F9CC125BFD2FE00BEDE5B /* Project object */;
}
