// !$*UTF8*$!
{
	archiveVersion = 1;
	classes = {
	};
	objectVersion = 50;
	objects = {

/* Begin PBXBuildFile section */
		3D7E632A8CBF42F103259ED5 /* libPods-MVCProg.a in Frameworks */ = {isa = PBXBuildFile; fileRef = A99180A8F27423A688797C7A /* libPods-MVCProg.a */; };
		997A6B0125B1463400A543D8 /* AppDelegate.swift in Sources */ = {isa = PBXBuildFile; fileRef = 997A6B0025B1463400A543D8 /* AppDelegate.swift */; };
		997A6B0325B1463400A543D8 /* SceneDelegate.swift in Sources */ = {isa = PBXBuildFile; fileRef = 997A6B0225B1463400A543D8 /* SceneDelegate.swift */; };
		997A6B0525B1463400A543D8 /* ViewController.swift in Sources */ = {isa = PBXBuildFile; fileRef = 997A6B0425B1463400A543D8 /* ViewController.swift */; };
		997A6B0825B1463400A543D8 /* Main.storyboard in Resources */ = {isa = PBXBuildFile; fileRef = 997A6B0625B1463400A543D8 /* Main.storyboard */; };
		997A6B0A25B1463600A543D8 /* Assets.xcassets in Resources */ = {isa = PBXBuildFile; fileRef = 997A6B0925B1463600A543D8 /* Assets.xcassets */; };
		997A6B0D25B1463600A543D8 /* LaunchScreen.storyboard in Resources */ = {isa = PBXBuildFile; fileRef = 997A6B0B25B1463600A543D8 /* LaunchScreen.storyboard */; };
		997A6B1625B14A4100A543D8 /* User.swift in Sources */ = {isa = PBXBuildFile; fileRef = 997A6B1525B14A4100A543D8 /* User.swift */; };
		997A6B1925B14B2F00A543D8 /* CustomTableViewCell.swift in Sources */ = {isa = PBXBuildFile; fileRef = 997A6B1825B14B2F00A543D8 /* CustomTableViewCell.swift */; };
/* End PBXBuildFile section */

/* Begin PBXFileReference section */
		997A6AFD25B1463400A543D8 /* MVCProg.app */ = {isa = PBXFileReference; explicitFileType = wrapper.application; includeInIndex = 0; path = MVCProg.app; sourceTree = BUILT_PRODUCTS_DIR; };
		997A6B0025B1463400A543D8 /* AppDelegate.swift */ = {isa = PBXFileReference; lastKnownFileType = sourcecode.swift; path = AppDelegate.swift; sourceTree = "<group>"; };
		997A6B0225B1463400A543D8 /* SceneDelegate.swift */ = {isa = PBXFileReference; lastKnownFileType = sourcecode.swift; path = SceneDelegate.swift; sourceTree = "<group>"; };
		997A6B0425B1463400A543D8 /* ViewController.swift */ = {isa = PBXFileReference; lastKnownFileType = sourcecode.swift; path = ViewController.swift; sourceTree = "<group>"; };
		997A6B0725B1463400A543D8 /* Base */ = {isa = PBXFileReference; lastKnownFileType = file.storyboard; name = Base; path = Base.lproj/Main.storyboard; sourceTree = "<group>"; };
		997A6B0925B1463600A543D8 /* Assets.xcassets */ = {isa = PBXFileReference; lastKnownFileType = folder.assetcatalog; path = Assets.xcassets; sourceTree = "<group>"; };
		997A6B0C25B1463600A543D8 /* Base */ = {isa = PBXFileReference; lastKnownFileType = file.storyboard; name = Base; path = Base.lproj/LaunchScreen.storyboard; sourceTree = "<group>"; };
		997A6B0E25B1463600A543D8 /* Info.plist */ = {isa = PBXFileReference; lastKnownFileType = text.plist.xml; path = Info.plist; sourceTree = "<group>"; };
		997A6B1525B14A4100A543D8 /* User.swift */ = {isa = PBXFileReference; lastKnownFileType = sourcecode.swift; path = User.swift; sourceTree = "<group>"; };
		997A6B1825B14B2F00A543D8 /* CustomTableViewCell.swift */ = {isa = PBXFileReference; lastKnownFileType = sourcecode.swift; path = CustomTableViewCell.swift; sourceTree = "<group>"; };
		A99180A8F27423A688797C7A /* libPods-MVCProg.a */ = {isa = PBXFileReference; explicitFileType = archive.ar; includeInIndex = 0; path = "libPods-MVCProg.a"; sourceTree = BUILT_PRODUCTS_DIR; };
		E2001B3FF894570F4D33C645 /* Pods-MVCProg.debug.xcconfig */ = {isa = PBXFileReference; includeInIndex = 1; lastKnownFileType = text.xcconfig; name = "Pods-MVCProg.debug.xcconfig"; path = "Target Support Files/Pods-MVCProg/Pods-MVCProg.debug.xcconfig"; sourceTree = "<group>"; };
		FE721C8F45780AB6F90B51B2 /* Pods-MVCProg.release.xcconfig */ = {isa = PBXFileReference; includeInIndex = 1; lastKnownFileType = text.xcconfig; name = "Pods-MVCProg.release.xcconfig"; path = "Target Support Files/Pods-MVCProg/Pods-MVCProg.release.xcconfig"; sourceTree = "<group>"; };
/* End PBXFileReference section */

/* Begin PBXFrameworksBuildPhase section */
		997A6AFA25B1463400A543D8 /* Frameworks */ = {
			isa = PBXFrameworksBuildPhase;
			buildActionMask = 2147483647;
			files = (
				3D7E632A8CBF42F103259ED5 /* libPods-MVCProg.a in Frameworks */,
			);
			runOnlyForDeploymentPostprocessing = 0;
		};
/* End PBXFrameworksBuildPhase section */

/* Begin PBXGroup section */
		3DC2F13B4C35C4D4E331AEDA /* Frameworks */ = {
			isa = PBXGroup;
			children = (
				A99180A8F27423A688797C7A /* libPods-MVCProg.a */,
			);
			name = Frameworks;
			sourceTree = "<group>";
		};
		5243D2E60702FE406C3770B9 /* Pods */ = {
			isa = PBXGroup;
			children = (
				E2001B3FF894570F4D33C645 /* Pods-MVCProg.debug.xcconfig */,
				FE721C8F45780AB6F90B51B2 /* Pods-MVCProg.release.xcconfig */,
			);
			path = Pods;
			sourceTree = "<group>";
		};
		997A6AF425B1463400A543D8 = {
			isa = PBXGroup;
			children = (
				997A6AFF25B1463400A543D8 /* MVCProg */,
				997A6AFE25B1463400A543D8 /* Products */,
				5243D2E60702FE406C3770B9 /* Pods */,
				3DC2F13B4C35C4D4E331AEDA /* Frameworks */,
			);
			sourceTree = "<group>";
		};
		997A6AFE25B1463400A543D8 /* Products */ = {
			isa = PBXGroup;
			children = (
				997A6AFD25B1463400A543D8 /* MVCProg.app */,
			);
			name = Products;
			sourceTree = "<group>";
		};
		997A6AFF25B1463400A543D8 /* MVCProg */ = {
			isa = PBXGroup;
			children = (
				997A6B1425B14A3000A543D8 /* Model */,
				997A6B1725B14B1C00A543D8 /* View */,
				997A6B1A25B15BA500A543D8 /* Controller */,
				997A6B0025B1463400A543D8 /* AppDelegate.swift */,
				997A6B0225B1463400A543D8 /* SceneDelegate.swift */,
				997A6B0925B1463600A543D8 /* Assets.xcassets */,
				997A6B0B25B1463600A543D8 /* LaunchScreen.storyboard */,
				997A6B0E25B1463600A543D8 /* Info.plist */,
			);
			path = MVCProg;
			sourceTree = "<group>";
		};
		997A6B1425B14A3000A543D8 /* Model */ = {
			isa = PBXGroup;
			children = (
				997A6B1525B14A4100A543D8 /* User.swift */,
			);
			path = Model;
			sourceTree = "<group>";
		};
		997A6B1725B14B1C00A543D8 /* View */ = {
			isa = PBXGroup;
			children = (
				997A6B1825B14B2F00A543D8 /* CustomTableViewCell.swift */,
				997A6B0625B1463400A543D8 /* Main.storyboard */,
			);
			path = View;
			sourceTree = "<group>";
		};
		997A6B1A25B15BA500A543D8 /* Controller */ = {
			isa = PBXGroup;
			children = (
				997A6B0425B1463400A543D8 /* ViewController.swift */,
			);
			path = Controller;
			sourceTree = "<group>";
		};
/* End PBXGroup section */

/* Begin PBXNativeTarget section */
		997A6AFC25B1463400A543D8 /* MVCProg */ = {
			isa = PBXNativeTarget;
			buildConfigurationList = 997A6B1125B1463600A543D8 /* Build configuration list for PBXNativeTarget "MVCProg" */;
			buildPhases = (
				1A22799D7A5CB868103D9539 /* [CP] Check Pods Manifest.lock */,
				997A6AF925B1463400A543D8 /* Sources */,
				997A6AFA25B1463400A543D8 /* Frameworks */,
				997A6AFB25B1463400A543D8 /* Resources */,
			);
			buildRules = (
			);
			dependencies = (
			);
			name = MVCProg;
			productName = MVCProg;
			productReference = 997A6AFD25B1463400A543D8 /* MVCProg.app */;
			productType = "com.apple.product-type.application";
		};
/* End PBXNativeTarget section */

/* Begin PBXProject section */
		997A6AF525B1463400A543D8 /* Project object */ = {
			isa = PBXProject;
			attributes = {
				LastSwiftUpdateCheck = 1170;
				LastUpgradeCheck = 1170;
				ORGANIZATIONNAME = human.solutions;
				TargetAttributes = {
					997A6AFC25B1463400A543D8 = {
						CreatedOnToolsVersion = 11.7;
					};
				};
			};
			buildConfigurationList = 997A6AF825B1463400A543D8 /* Build configuration list for PBXProject "MVCProg" */;
			compatibilityVersion = "Xcode 9.3";
			developmentRegion = en;
			hasScannedForEncodings = 0;
			knownRegions = (
				en,
				Base,
			);
			mainGroup = 997A6AF425B1463400A543D8;
			productRefGroup = 997A6AFE25B1463400A543D8 /* Products */;
			projectDirPath = "";
			projectRoot = "";
			targets = (
				997A6AFC25B1463400A543D8 /* MVCProg */,
			);
		};
/* End PBXProject section */

/* Begin PBXResourcesBuildPhase section */
		997A6AFB25B1463400A543D8 /* Resources */ = {
			isa = PBXResourcesBuildPhase;
			buildActionMask = 2147483647;
			files = (
				997A6B0D25B1463600A543D8 /* LaunchScreen.storyboard in Resources */,
				997A6B0A25B1463600A543D8 /* Assets.xcassets in Resources */,
				997A6B0825B1463400A543D8 /* Main.storyboard in Resources */,
			);
			runOnlyForDeploymentPostprocessing = 0;
		};
/* End PBXResourcesBuildPhase section */

/* Begin PBXShellScriptBuildPhase section */
		1A22799D7A5CB868103D9539 /* [CP] Check Pods Manifest.lock */ = {
			isa = PBXShellScriptBuildPhase;
			buildActionMask = 2147483647;
			files = (
			);
			inputFileListPaths = (
			);
			inputPaths = (
				"${PODS_PODFILE_DIR_PATH}/Podfile.lock",
				"${PODS_ROOT}/Manifest.lock",
			);
			name = "[CP] Check Pods Manifest.lock";
			outputFileListPaths = (
			);
			outputPaths = (
				"$(DERIVED_FILE_DIR)/Pods-MVCProg-checkManifestLockResult.txt",
			);
			runOnlyForDeploymentPostprocessing = 0;
			shellPath = /bin/sh;
			shellScript = "diff \"${PODS_PODFILE_DIR_PATH}/Podfile.lock\" \"${PODS_ROOT}/Manifest.lock\" > /dev/null\nif [ $? != 0 ] ; then\n    # print error to STDERR\n    echo \"error: The sandbox is not in sync with the Podfile.lock. Run 'pod install' or update your CocoaPods installation.\" >&2\n    exit 1\nfi\n# This output is used by Xcode 'outputs' to avoid re-running this script phase.\necho \"SUCCESS\" > \"${SCRIPT_OUTPUT_FILE_0}\"\n";
			showEnvVarsInLog = 0;
		};
/* End PBXShellScriptBuildPhase section */

/* Begin PBXSourcesBuildPhase section */
		997A6AF925B1463400A543D8 /* Sources */ = {
			isa = PBXSourcesBuildPhase;
			buildActionMask = 2147483647;
			files = (
				997A6B1625B14A4100A543D8 /* User.swift in Sources */,
				997A6B1925B14B2F00A543D8 /* CustomTableViewCell.swift in Sources */,
				997A6B0525B1463400A543D8 /* ViewController.swift in Sources */,
				997A6B0125B1463400A543D8 /* AppDelegate.swift in Sources */,
				997A6B0325B1463400A543D8 /* SceneDelegate.swift in Sources */,
			);
			runOnlyForDeploymentPostprocessing = 0;
		};
/* End PBXSourcesBuildPhase section */

/* Begin PBXVariantGroup section */
		997A6B0625B1463400A543D8 /* Main.storyboard */ = {
			isa = PBXVariantGroup;
			children = (
				997A6B0725B1463400A543D8 /* Base */,
			);
			name = Main.storyboard;
			sourceTree = "<group>";
		};
		997A6B0B25B1463600A543D8 /* LaunchScreen.storyboard */ = {
			isa = PBXVariantGroup;
			children = (
				997A6B0C25B1463600A543D8 /* Base */,
			);
			name = LaunchScreen.storyboard;
			sourceTree = "<group>";
		};
/* End PBXVariantGroup section */

/* Begin XCBuildConfiguration section */
		997A6B0F25B1463600A543D8 /* Debug */ = {
			isa = XCBuildConfiguration;
			buildSettings = {
				ALWAYS_SEARCH_USER_PATHS = NO;
				CLANG_ANALYZER_NONNULL = YES;
				CLANG_ANALYZER_NUMBER_OBJECT_CONVERSION = YES_AGGRESSIVE;
				CLANG_CXX_LANGUAGE_STANDARD = "gnu++14";
				CLANG_CXX_LIBRARY = "libc++";
				CLANG_ENABLE_MODULES = YES;
				CLANG_ENABLE_OBJC_ARC = YES;
				CLANG_ENABLE_OBJC_WEAK = YES;
				CLANG_WARN_BLOCK_CAPTURE_AUTORELEASING = YES;
				CLANG_WARN_BOOL_CONVERSION = YES;
				CLANG_WARN_COMMA = YES;
				CLANG_WARN_CONSTANT_CONVERSION = YES;
				CLANG_WARN_DEPRECATED_OBJC_IMPLEMENTATIONS = YES;
				CLANG_WARN_DIRECT_OBJC_ISA_USAGE = YES_ERROR;
				CLANG_WARN_DOCUMENTATION_COMMENTS = YES;
				CLANG_WARN_EMPTY_BODY = YES;
				CLANG_WARN_ENUM_CONVERSION = YES;
				CLANG_WARN_INFINITE_RECURSION = YES;
				CLANG_WARN_INT_CONVERSION = YES;
				CLANG_WARN_NON_LITERAL_NULL_CONVERSION = YES;
				CLANG_WARN_OBJC_IMPLICIT_RETAIN_SELF = YES;
				CLANG_WARN_OBJC_LITERAL_CONVERSION = YES;
				CLANG_WARN_OBJC_ROOT_CLASS = YES_ERROR;
				CLANG_WARN_RANGE_LOOP_ANALYSIS = YES;
				CLANG_WARN_STRICT_PROTOTYPES = YES;
				CLANG_WARN_SUSPICIOUS_MOVE = YES;
				CLANG_WARN_UNGUARDED_AVAILABILITY = YES_AGGRESSIVE;
				CLANG_WARN_UNREACHABLE_CODE = YES;
				CLANG_WARN__DUPLICATE_METHOD_MATCH = YES;
				COPY_PHASE_STRIP = NO;
				DEBUG_INFORMATION_FORMAT = dwarf;
				ENABLE_STRICT_OBJC_MSGSEND = YES;
				ENABLE_TESTABILITY = YES;
				GCC_C_LANGUAGE_STANDARD = gnu11;
				GCC_DYNAMIC_NO_PIC = NO;
				GCC_NO_COMMON_BLOCKS = YES;
				GCC_OPTIMIZATION_LEVEL = 0;
				GCC_PREPROCESSOR_DEFINITIONS = (
					"DEBUG=1",
					"$(inherited)",
				);
				GCC_WARN_64_TO_32_BIT_CONVERSION = YES;
				GCC_WARN_ABOUT_RETURN_TYPE = YES_ERROR;
				GCC_WARN_UNDECLARED_SELECTOR = YES;
				GCC_WARN_UNINITIALIZED_AUTOS = YES_AGGRESSIVE;
				GCC_WARN_UNUSED_FUNCTION = YES;
				GCC_WARN_UNUSED_VARIABLE = YES;
				IPHONEOS_DEPLOYMENT_TARGET = 13.7;
				MTL_ENABLE_DEBUG_INFO = INCLUDE_SOURCE;
				MTL_FAST_MATH = YES;
				ONLY_ACTIVE_ARCH = YES;
				SDKROOT = iphoneos;
				SWIFT_ACTIVE_COMPILATION_CONDITIONS = DEBUG;
				SWIFT_OPTIMIZATION_LEVEL = "-Onone";
			};
			name = Debug;
		};
		997A6B1025B1463600A543D8 /* Release */ = {
			isa = XCBuildConfiguration;
			buildSettings = {
				ALWAYS_SEARCH_USER_PATHS = NO;
				CLANG_ANALYZER_NONNULL = YES;
				CLANG_ANALYZER_NUMBER_OBJECT_CONVERSION = YES_AGGRESSIVE;
				CLANG_CXX_LANGUAGE_STANDARD = "gnu++14";
				CLANG_CXX_LIBRARY = "libc++";
				CLANG_ENABLE_MODULES = YES;
				CLANG_ENABLE_OBJC_ARC = YES;
				CLANG_ENABLE_OBJC_WEAK = YES;
				CLANG_WARN_BLOCK_CAPTURE_AUTORELEASING = YES;
				CLANG_WARN_BOOL_CONVERSION = YES;
				CLANG_WARN_COMMA = YES;
				CLANG_WARN_CONSTANT_CONVERSION = YES;
				CLANG_WARN_DEPRECATED_OBJC_IMPLEMENTATIONS = YES;
				CLANG_WARN_DIRECT_OBJC_ISA_USAGE = YES_ERROR;
				CLANG_WARN_DOCUMENTATION_COMMENTS = YES;
				CLANG_WARN_EMPTY_BODY = YES;
				CLANG_WARN_ENUM_CONVERSION = YES;
				CLANG_WARN_INFINITE_RECURSION = YES;
				CLANG_WARN_INT_CONVERSION = YES;
				CLANG_WARN_NON_LITERAL_NULL_CONVERSION = YES;
				CLANG_WARN_OBJC_IMPLICIT_RETAIN_SELF = YES;
				CLANG_WARN_OBJC_LITERAL_CONVERSION = YES;
				CLANG_WARN_OBJC_ROOT_CLASS = YES_ERROR;
				CLANG_WARN_RANGE_LOOP_ANALYSIS = YES;
				CLANG_WARN_STRICT_PROTOTYPES = YES;
				CLANG_WARN_SUSPICIOUS_MOVE = YES;
				CLANG_WARN_UNGUARDED_AVAILABILITY = YES_AGGRESSIVE;
				CLANG_WARN_UNREACHABLE_CODE = YES;
				CLANG_WARN__DUPLICATE_METHOD_MATCH = YES;
				COPY_PHASE_STRIP = NO;
				DEBUG_INFORMATION_FORMAT = "dwarf-with-dsym";
				ENABLE_NS_ASSERTIONS = NO;
				ENABLE_STRICT_OBJC_MSGSEND = YES;
				GCC_C_LANGUAGE_STANDARD = gnu11;
				GCC_NO_COMMON_BLOCKS = YES;
				GCC_WARN_64_TO_32_BIT_CONVERSION = YES;
				GCC_WARN_ABOUT_RETURN_TYPE = YES_ERROR;
				GCC_WARN_UNDECLARED_SELECTOR = YES;
				GCC_WARN_UNINITIALIZED_AUTOS = YES_AGGRESSIVE;
				GCC_WARN_UNUSED_FUNCTION = YES;
				GCC_WARN_UNUSED_VARIABLE = YES;
				IPHONEOS_DEPLOYMENT_TARGET = 13.7;
				MTL_ENABLE_DEBUG_INFO = NO;
				MTL_FAST_MATH = YES;
				SDKROOT = iphoneos;
				SWIFT_COMPILATION_MODE = wholemodule;
				SWIFT_OPTIMIZATION_LEVEL = "-O";
				VALIDATE_PRODUCT = YES;
			};
			name = Release;
		};
		997A6B1225B1463600A543D8 /* Debug */ = {
			isa = XCBuildConfiguration;
			baseConfigurationReference = E2001B3FF894570F4D33C645 /* Pods-MVCProg.debug.xcconfig */;
			buildSettings = {
				ASSETCATALOG_COMPILER_APPICON_NAME = AppIcon;
				CODE_SIGN_STYLE = Automatic;
				DEVELOPMENT_TEAM = BA2ATQ5B2J;
				INFOPLIST_FILE = MVCProg/Info.plist;
				LD_RUNPATH_SEARCH_PATHS = (
					"$(inherited)",
					"@executable_path/Frameworks",
				);
				PRODUCT_BUNDLE_IDENTIFIER = human.solutions.MVCProg;
				PRODUCT_NAME = "$(TARGET_NAME)";
				SWIFT_VERSION = 5.0;
				TARGETED_DEVICE_FAMILY = "1,2";
			};
			name = Debug;
		};
		997A6B1325B1463600A543D8 /* Release */ = {
			isa = XCBuildConfiguration;
			baseConfigurationReference = FE721C8F45780AB6F90B51B2 /* Pods-MVCProg.release.xcconfig */;
			buildSettings = {
				ASSETCATALOG_COMPILER_APPICON_NAME = AppIcon;
				CODE_SIGN_STYLE = Automatic;
				DEVELOPMENT_TEAM = BA2ATQ5B2J;
				INFOPLIST_FILE = MVCProg/Info.plist;
				LD_RUNPATH_SEARCH_PATHS = (
					"$(inherited)",
					"@executable_path/Frameworks",
				);
				PRODUCT_BUNDLE_IDENTIFIER = human.solutions.MVCProg;
				PRODUCT_NAME = "$(TARGET_NAME)";
				SWIFT_VERSION = 5.0;
				TARGETED_DEVICE_FAMILY = "1,2";
			};
			name = Release;
		};
/* End XCBuildConfiguration section */

/* Begin XCConfigurationList section */
		997A6AF825B1463400A543D8 /* Build configuration list for PBXProject "MVCProg" */ = {
			isa = XCConfigurationList;
			buildConfigurations = (
				997A6B0F25B1463600A543D8 /* Debug */,
				997A6B1025B1463600A543D8 /* Release */,
			);
			defaultConfigurationIsVisible = 0;
			defaultConfigurationName = Release;
		};
		997A6B1125B1463600A543D8 /* Build configuration list for PBXNativeTarget "MVCProg" */ = {
			isa = XCConfigurationList;
			buildConfigurations = (
				997A6B1225B1463600A543D8 /* Debug */,
				997A6B1325B1463600A543D8 /* Release */,
			);
			defaultConfigurationIsVisible = 0;
			defaultConfigurationName = Release;
		};
/* End XCConfigurationList section */
	};
	rootObject = 997A6AF525B1463400A543D8 /* Project object */;
}
