// !$*UTF8*$!
{
	archiveVersion = 1;
	classes = {
	};
	objectVersion = 51;
	objects = {

/* Begin PBXBuildFile section */
		08A97376246682B300E6851F /* POST.swift in Sources */ = {isa = PBXBuildFile; fileRef = 08A97375246682B300E6851F /* POST.swift */; };
		08E3BDA5246442E1000162BE /* AppDelegate.swift in Sources */ = {isa = PBXBuildFile; fileRef = 08E3BDA4246442E1000162BE /* AppDelegate.swift */; };
		08E3BDA7246442E1000162BE /* SceneDelegate.swift in Sources */ = {isa = PBXBuildFile; fileRef = 08E3BDA6246442E1000162BE /* SceneDelegate.swift */; };
		08E3BDA9246442E1000162BE /* ViewController.swift in Sources */ = {isa = PBXBuildFile; fileRef = 08E3BDA8246442E1000162BE /* ViewController.swift */; };
		08E3BDAC246442E1000162BE /* Main.storyboard in Resources */ = {isa = PBXBuildFile; fileRef = 08E3BDAA246442E1000162BE /* Main.storyboard */; };
		08E3BDAE246442E4000162BE /* Assets.xcassets in Resources */ = {isa = PBXBuildFile; fileRef = 08E3BDAD246442E4000162BE /* Assets.xcassets */; };
		08E3BDB1246442E4000162BE /* LaunchScreen.storyboard in Resources */ = {isa = PBXBuildFile; fileRef = 08E3BDAF246442E4000162BE /* LaunchScreen.storyboard */; };
		08E3BDB924644D4C000162BE /* Image.swift in Sources */ = {isa = PBXBuildFile; fileRef = 08E3BDB824644D4C000162BE /* Image.swift */; };
		36F32811533BF53CC6AAE335 /* Pods_ImageUpload.framework in Frameworks */ = {isa = PBXBuildFile; fileRef = BB425FFDA8E82C92B918951A /* Pods_ImageUpload.framework */; };
/* End PBXBuildFile section */

/* Begin PBXFileReference section */
		08A97375246682B300E6851F /* POST.swift */ = {isa = PBXFileReference; lastKnownFileType = sourcecode.swift; path = POST.swift; sourceTree = "<group>"; };
		08E3BDA1246442E1000162BE /* ImageUpload.app */ = {isa = PBXFileReference; explicitFileType = wrapper.application; includeInIndex = 0; path = ImageUpload.app; sourceTree = BUILT_PRODUCTS_DIR; };
		08E3BDA4246442E1000162BE /* AppDelegate.swift */ = {isa = PBXFileReference; lastKnownFileType = sourcecode.swift; path = AppDelegate.swift; sourceTree = "<group>"; };
		08E3BDA6246442E1000162BE /* SceneDelegate.swift */ = {isa = PBXFileReference; lastKnownFileType = sourcecode.swift; path = SceneDelegate.swift; sourceTree = "<group>"; };
		08E3BDA8246442E1000162BE /* ViewController.swift */ = {isa = PBXFileReference; lastKnownFileType = sourcecode.swift; path = ViewController.swift; sourceTree = "<group>"; };
		08E3BDAB246442E1000162BE /* Base */ = {isa = PBXFileReference; lastKnownFileType = file.storyboard; name = Base; path = Base.lproj/Main.storyboard; sourceTree = "<group>"; };
		08E3BDAD246442E4000162BE /* Assets.xcassets */ = {isa = PBXFileReference; lastKnownFileType = folder.assetcatalog; path = Assets.xcassets; sourceTree = "<group>"; };
		08E3BDB0246442E4000162BE /* Base */ = {isa = PBXFileReference; lastKnownFileType = file.storyboard; name = Base; path = Base.lproj/LaunchScreen.storyboard; sourceTree = "<group>"; };
		08E3BDB2246442E4000162BE /* Info.plist */ = {isa = PBXFileReference; lastKnownFileType = text.plist.xml; path = Info.plist; sourceTree = "<group>"; };
		08E3BDB824644D4C000162BE /* Image.swift */ = {isa = PBXFileReference; lastKnownFileType = sourcecode.swift; path = Image.swift; sourceTree = "<group>"; };
		37064658779BCD8C287AA611 /* Pods-ImageUpload.debug.xcconfig */ = {isa = PBXFileReference; includeInIndex = 1; lastKnownFileType = text.xcconfig; name = "Pods-ImageUpload.debug.xcconfig"; path = "Target Support Files/Pods-ImageUpload/Pods-ImageUpload.debug.xcconfig"; sourceTree = "<group>"; };
		550A6E024E98502C21D9B12A /* Pods-ImageUpload.release.xcconfig */ = {isa = PBXFileReference; includeInIndex = 1; lastKnownFileType = text.xcconfig; name = "Pods-ImageUpload.release.xcconfig"; path = "Target Support Files/Pods-ImageUpload/Pods-ImageUpload.release.xcconfig"; sourceTree = "<group>"; };
		BB425FFDA8E82C92B918951A /* Pods_ImageUpload.framework */ = {isa = PBXFileReference; explicitFileType = wrapper.framework; includeInIndex = 0; path = Pods_ImageUpload.framework; sourceTree = BUILT_PRODUCTS_DIR; };
/* End PBXFileReference section */

/* Begin PBXFrameworksBuildPhase section */
		08E3BD9E246442E1000162BE /* Frameworks */ = {
			isa = PBXFrameworksBuildPhase;
			buildActionMask = 2147483647;
			files = (
				36F32811533BF53CC6AAE335 /* Pods_ImageUpload.framework in Frameworks */,
			);
			runOnlyForDeploymentPostprocessing = 0;
		};
/* End PBXFrameworksBuildPhase section */

/* Begin PBXGroup section */
		08E3BD98246442E1000162BE = {
			isa = PBXGroup;
			children = (
				08E3BDA3246442E1000162BE /* ImageUpload */,
				08E3BDA2246442E1000162BE /* Products */,
				D5ECD36EB63A52778459A6F3 /* Pods */,
				7BCC088725A89BE3110EC2CD /* Frameworks */,
			);
			sourceTree = "<group>";
		};
		08E3BDA2246442E1000162BE /* Products */ = {
			isa = PBXGroup;
			children = (
				08E3BDA1246442E1000162BE /* ImageUpload.app */,
			);
			name = Products;
			sourceTree = "<group>";
		};
		08E3BDA3246442E1000162BE /* ImageUpload */ = {
			isa = PBXGroup;
			children = (
				08E3BDA4246442E1000162BE /* AppDelegate.swift */,
				08E3BDA6246442E1000162BE /* SceneDelegate.swift */,
				08E3BDA8246442E1000162BE /* ViewController.swift */,
				08A97375246682B300E6851F /* POST.swift */,
				08E3BDB824644D4C000162BE /* Image.swift */,
				08E3BDAA246442E1000162BE /* Main.storyboard */,
				08E3BDAD246442E4000162BE /* Assets.xcassets */,
				08E3BDAF246442E4000162BE /* LaunchScreen.storyboard */,
				08E3BDB2246442E4000162BE /* Info.plist */,
			);
			path = ImageUpload;
			sourceTree = "<group>";
		};
		7BCC088725A89BE3110EC2CD /* Frameworks */ = {
			isa = PBXGroup;
			children = (
				BB425FFDA8E82C92B918951A /* Pods_ImageUpload.framework */,
			);
			name = Frameworks;
			sourceTree = "<group>";
		};
		D5ECD36EB63A52778459A6F3 /* Pods */ = {
			isa = PBXGroup;
			children = (
				37064658779BCD8C287AA611 /* Pods-ImageUpload.debug.xcconfig */,
				550A6E024E98502C21D9B12A /* Pods-ImageUpload.release.xcconfig */,
			);
			path = Pods;
			sourceTree = "<group>";
		};
/* End PBXGroup section */

/* Begin PBXNativeTarget section */
		08E3BDA0246442E1000162BE /* ImageUpload */ = {
			isa = PBXNativeTarget;
			buildConfigurationList = 08E3BDB5246442E4000162BE /* Build configuration list for PBXNativeTarget "ImageUpload" */;
			buildPhases = (
				AF348F3F6CCBD15887488CAF /* [CP] Check Pods Manifest.lock */,
				08E3BD9D246442E1000162BE /* Sources */,
				08E3BD9E246442E1000162BE /* Frameworks */,
				08E3BD9F246442E1000162BE /* Resources */,
				90373FB47D47885850E6E761 /* [CP] Embed Pods Frameworks */,
			);
			buildRules = (
			);
			dependencies = (
			);
			name = ImageUpload;
			productName = ImageUpload;
			productReference = 08E3BDA1246442E1000162BE /* ImageUpload.app */;
			productType = "com.apple.product-type.application";
		};
/* End PBXNativeTarget section */

/* Begin PBXProject section */
		08E3BD99246442E1000162BE /* Project object */ = {
			isa = PBXProject;
			attributes = {
				LastSwiftUpdateCheck = 1130;
				LastUpgradeCheck = 1130;
				ORGANIZATIONNAME = Haco;
				TargetAttributes = {
					08E3BDA0246442E1000162BE = {
						CreatedOnToolsVersion = 11.3.1;
					};
				};
			};
			buildConfigurationList = 08E3BD9C246442E1000162BE /* Build configuration list for PBXProject "ImageUpload" */;
			compatibilityVersion = "Xcode 9.3";
			developmentRegion = en;
			hasScannedForEncodings = 0;
			knownRegions = (
				en,
				Base,
			);
			mainGroup = 08E3BD98246442E1000162BE;
			productRefGroup = 08E3BDA2246442E1000162BE /* Products */;
			projectDirPath = "";
			projectRoot = "";
			targets = (
				08E3BDA0246442E1000162BE /* ImageUpload */,
			);
		};
/* End PBXProject section */

/* Begin PBXResourcesBuildPhase section */
		08E3BD9F246442E1000162BE /* Resources */ = {
			isa = PBXResourcesBuildPhase;
			buildActionMask = 2147483647;
			files = (
				08E3BDB1246442E4000162BE /* LaunchScreen.storyboard in Resources */,
				08E3BDAE246442E4000162BE /* Assets.xcassets in Resources */,
				08E3BDAC246442E1000162BE /* Main.storyboard in Resources */,
			);
			runOnlyForDeploymentPostprocessing = 0;
		};
/* End PBXResourcesBuildPhase section */

/* Begin PBXShellScriptBuildPhase section */
		90373FB47D47885850E6E761 /* [CP] Embed Pods Frameworks */ = {
			isa = PBXShellScriptBuildPhase;
			buildActionMask = 2147483647;
			files = (
			);
			inputFileListPaths = (
				"${PODS_ROOT}/Target Support Files/Pods-ImageUpload/Pods-ImageUpload-frameworks-${CONFIGURATION}-input-files.xcfilelist",
			);
			name = "[CP] Embed Pods Frameworks";
			outputFileListPaths = (
				"${PODS_ROOT}/Target Support Files/Pods-ImageUpload/Pods-ImageUpload-frameworks-${CONFIGURATION}-output-files.xcfilelist",
			);
			runOnlyForDeploymentPostprocessing = 0;
			shellPath = /bin/sh;
			shellScript = "\"${PODS_ROOT}/Target Support Files/Pods-ImageUpload/Pods-ImageUpload-frameworks.sh\"\n";
			showEnvVarsInLog = 0;
		};
		AF348F3F6CCBD15887488CAF /* [CP] Check Pods Manifest.lock */ = {
			isa = PBXShellScriptBuildPhase;
			buildActionMask = 2147483647;
			files = (
			);
			inputFileListPaths = (
			);
			inputPaths = (
				"${PODS_PODFILE_DIR_PATH}/Podfile.lock",
				"${PODS_ROOT}/Manifest.lock",
			);
			name = "[CP] Check Pods Manifest.lock";
			outputFileListPaths = (
			);
			outputPaths = (
				"$(DERIVED_FILE_DIR)/Pods-ImageUpload-checkManifestLockResult.txt",
			);
			runOnlyForDeploymentPostprocessing = 0;
			shellPath = /bin/sh;
			shellScript = "diff \"${PODS_PODFILE_DIR_PATH}/Podfile.lock\" \"${PODS_ROOT}/Manifest.lock\" > /dev/null\nif [ $? != 0 ] ; then\n    # print error to STDERR\n    echo \"error: The sandbox is not in sync with the Podfile.lock. Run 'pod install' or update your CocoaPods installation.\" >&2\n    exit 1\nfi\n# This output is used by Xcode 'outputs' to avoid re-running this script phase.\necho \"SUCCESS\" > \"${SCRIPT_OUTPUT_FILE_0}\"\n";
			showEnvVarsInLog = 0;
		};
/* End PBXShellScriptBuildPhase section */

/* Begin PBXSourcesBuildPhase section */
		08E3BD9D246442E1000162BE /* Sources */ = {
			isa = PBXSourcesBuildPhase;
			buildActionMask = 2147483647;
			files = (
				08A97376246682B300E6851F /* POST.swift in Sources */,
				08E3BDA9246442E1000162BE /* ViewController.swift in Sources */,
				08E3BDB924644D4C000162BE /* Image.swift in Sources */,
				08E3BDA5246442E1000162BE /* AppDelegate.swift in Sources */,
				08E3BDA7246442E1000162BE /* SceneDelegate.swift in Sources */,
			);
			runOnlyForDeploymentPostprocessing = 0;
		};
/* End PBXSourcesBuildPhase section */

/* Begin PBXVariantGroup section */
		08E3BDAA246442E1000162BE /* Main.storyboard */ = {
			isa = PBXVariantGroup;
			children = (
				08E3BDAB246442E1000162BE /* Base */,
			);
			name = Main.storyboard;
			sourceTree = "<group>";
		};
		08E3BDAF246442E4000162BE /* LaunchScreen.storyboard */ = {
			isa = PBXVariantGroup;
			children = (
				08E3BDB0246442E4000162BE /* Base */,
			);
			name = LaunchScreen.storyboard;
			sourceTree = "<group>";
		};
/* End PBXVariantGroup section */

/* Begin XCBuildConfiguration section */
		08E3BDB3246442E4000162BE /* Debug */ = {
			isa = XCBuildConfiguration;
			buildSettings = {
				ALWAYS_SEARCH_USER_PATHS = NO;
				CLANG_ANALYZER_NONNULL = YES;
				CLANG_ANALYZER_NUMBER_OBJECT_CONVERSION = YES_AGGRESSIVE;
				CLANG_CXX_LANGUAGE_STANDARD = "gnu++14";
				CLANG_CXX_LIBRARY = "libc++";
				CLANG_ENABLE_MODULES = YES;
				CLANG_ENABLE_OBJC_ARC = YES;
				CLANG_ENABLE_OBJC_WEAK = YES;
				CLANG_WARN_BLOCK_CAPTURE_AUTORELEASING = YES;
				CLANG_WARN_BOOL_CONVERSION = YES;
				CLANG_WARN_COMMA = YES;
				CLANG_WARN_CONSTANT_CONVERSION = YES;
				CLANG_WARN_DEPRECATED_OBJC_IMPLEMENTATIONS = YES;
				CLANG_WARN_DIRECT_OBJC_ISA_USAGE = YES_ERROR;
				CLANG_WARN_DOCUMENTATION_COMMENTS = YES;
				CLANG_WARN_EMPTY_BODY = YES;
				CLANG_WARN_ENUM_CONVERSION = YES;
				CLANG_WARN_INFINITE_RECURSION = YES;
				CLANG_WARN_INT_CONVERSION = YES;
				CLANG_WARN_NON_LITERAL_NULL_CONVERSION = YES;
				CLANG_WARN_OBJC_IMPLICIT_RETAIN_SELF = YES;
				CLANG_WARN_OBJC_LITERAL_CONVERSION = YES;
				CLANG_WARN_OBJC_ROOT_CLASS = YES_ERROR;
				CLANG_WARN_RANGE_LOOP_ANALYSIS = YES;
				CLANG_WARN_STRICT_PROTOTYPES = YES;
				CLANG_WARN_SUSPICIOUS_MOVE = YES;
				CLANG_WARN_UNGUARDED_AVAILABILITY = YES_AGGRESSIVE;
				CLANG_WARN_UNREACHABLE_CODE = YES;
				CLANG_WARN__DUPLICATE_METHOD_MATCH = YES;
				COPY_PHASE_STRIP = NO;
				DEBUG_INFORMATION_FORMAT = dwarf;
				ENABLE_STRICT_OBJC_MSGSEND = YES;
				ENABLE_TESTABILITY = YES;
				GCC_C_LANGUAGE_STANDARD = gnu11;
				GCC_DYNAMIC_NO_PIC = NO;
				GCC_NO_COMMON_BLOCKS = YES;
				GCC_OPTIMIZATION_LEVEL = 0;
				GCC_PREPROCESSOR_DEFINITIONS = (
					"DEBUG=1",
					"$(inherited)",
				);
				GCC_WARN_64_TO_32_BIT_CONVERSION = YES;
				GCC_WARN_ABOUT_RETURN_TYPE = YES_ERROR;
				GCC_WARN_UNDECLARED_SELECTOR = YES;
				GCC_WARN_UNINITIALIZED_AUTOS = YES_AGGRESSIVE;
				GCC_WARN_UNUSED_FUNCTION = YES;
				GCC_WARN_UNUSED_VARIABLE = YES;
				IPHONEOS_DEPLOYMENT_TARGET = 13.2;
				MTL_ENABLE_DEBUG_INFO = INCLUDE_SOURCE;
				MTL_FAST_MATH = YES;
				ONLY_ACTIVE_ARCH = YES;
				SDKROOT = iphoneos;
				SWIFT_ACTIVE_COMPILATION_CONDITIONS = DEBUG;
				SWIFT_OPTIMIZATION_LEVEL = "-Onone";
			};
			name = Debug;
		};
		08E3BDB4246442E4000162BE /* Release */ = {
			isa = XCBuildConfiguration;
			buildSettings = {
				ALWAYS_SEARCH_USER_PATHS = NO;
				CLANG_ANALYZER_NONNULL = YES;
				CLANG_ANALYZER_NUMBER_OBJECT_CONVERSION = YES_AGGRESSIVE;
				CLANG_CXX_LANGUAGE_STANDARD = "gnu++14";
				CLANG_CXX_LIBRARY = "libc++";
				CLANG_ENABLE_MODULES = YES;
				CLANG_ENABLE_OBJC_ARC = YES;
				CLANG_ENABLE_OBJC_WEAK = YES;
				CLANG_WARN_BLOCK_CAPTURE_AUTORELEASING = YES;
				CLANG_WARN_BOOL_CONVERSION = YES;
				CLANG_WARN_COMMA = YES;
				CLANG_WARN_CONSTANT_CONVERSION = YES;
				CLANG_WARN_DEPRECATED_OBJC_IMPLEMENTATIONS = YES;
				CLANG_WARN_DIRECT_OBJC_ISA_USAGE = YES_ERROR;
				CLANG_WARN_DOCUMENTATION_COMMENTS = YES;
				CLANG_WARN_EMPTY_BODY = YES;
				CLANG_WARN_ENUM_CONVERSION = YES;
				CLANG_WARN_INFINITE_RECURSION = YES;
				CLANG_WARN_INT_CONVERSION = YES;
				CLANG_WARN_NON_LITERAL_NULL_CONVERSION = YES;
				CLANG_WARN_OBJC_IMPLICIT_RETAIN_SELF = YES;
				CLANG_WARN_OBJC_LITERAL_CONVERSION = YES;
				CLANG_WARN_OBJC_ROOT_CLASS = YES_ERROR;
				CLANG_WARN_RANGE_LOOP_ANALYSIS = YES;
				CLANG_WARN_STRICT_PROTOTYPES = YES;
				CLANG_WARN_SUSPICIOUS_MOVE = YES;
				CLANG_WARN_UNGUARDED_AVAILABILITY = YES_AGGRESSIVE;
				CLANG_WARN_UNREACHABLE_CODE = YES;
				CLANG_WARN__DUPLICATE_METHOD_MATCH = YES;
				COPY_PHASE_STRIP = NO;
				DEBUG_INFORMATION_FORMAT = "dwarf-with-dsym";
				ENABLE_NS_ASSERTIONS = NO;
				ENABLE_STRICT_OBJC_MSGSEND = YES;
				GCC_C_LANGUAGE_STANDARD = gnu11;
				GCC_NO_COMMON_BLOCKS = YES;
				GCC_WARN_64_TO_32_BIT_CONVERSION = YES;
				GCC_WARN_ABOUT_RETURN_TYPE = YES_ERROR;
				GCC_WARN_UNDECLARED_SELECTOR = YES;
				GCC_WARN_UNINITIALIZED_AUTOS = YES_AGGRESSIVE;
				GCC_WARN_UNUSED_FUNCTION = YES;
				GCC_WARN_UNUSED_VARIABLE = YES;
				IPHONEOS_DEPLOYMENT_TARGET = 13.2;
				MTL_ENABLE_DEBUG_INFO = NO;
				MTL_FAST_MATH = YES;
				SDKROOT = iphoneos;
				SWIFT_COMPILATION_MODE = wholemodule;
				SWIFT_OPTIMIZATION_LEVEL = "-O";
				VALIDATE_PRODUCT = YES;
			};
			name = Release;
		};
		08E3BDB6246442E4000162BE /* Debug */ = {
			isa = XCBuildConfiguration;
			baseConfigurationReference = 37064658779BCD8C287AA611 /* Pods-ImageUpload.debug.xcconfig */;
			buildSettings = {
				ASSETCATALOG_COMPILER_APPICON_NAME = AppIcon;
				CODE_SIGN_STYLE = Automatic;
				INFOPLIST_FILE = ImageUpload/Info.plist;
				LD_RUNPATH_SEARCH_PATHS = (
					"$(inherited)",
					"@executable_path/Frameworks",
				);
				PRODUCT_BUNDLE_IDENTIFIER = haco5917.ImageUpload;
				PRODUCT_NAME = "$(TARGET_NAME)";
				SWIFT_VERSION = 5.0;
				TARGETED_DEVICE_FAMILY = "1,2";
			};
			name = Debug;
		};
		08E3BDB7246442E4000162BE /* Release */ = {
			isa = XCBuildConfiguration;
			baseConfigurationReference = 550A6E024E98502C21D9B12A /* Pods-ImageUpload.release.xcconfig */;
			buildSettings = {
				ASSETCATALOG_COMPILER_APPICON_NAME = AppIcon;
				CODE_SIGN_STYLE = Automatic;
				INFOPLIST_FILE = ImageUpload/Info.plist;
				LD_RUNPATH_SEARCH_PATHS = (
					"$(inherited)",
					"@executable_path/Frameworks",
				);
				PRODUCT_BUNDLE_IDENTIFIER = haco5917.ImageUpload;
				PRODUCT_NAME = "$(TARGET_NAME)";
				SWIFT_VERSION = 5.0;
				TARGETED_DEVICE_FAMILY = "1,2";
			};
			name = Release;
		};
/* End XCBuildConfiguration section */

/* Begin XCConfigurationList section */
		08E3BD9C246442E1000162BE /* Build configuration list for PBXProject "ImageUpload" */ = {
			isa = XCConfigurationList;
			buildConfigurations = (
				08E3BDB3246442E4000162BE /* Debug */,
				08E3BDB4246442E4000162BE /* Release */,
			);
			defaultConfigurationIsVisible = 0;
			defaultConfigurationName = Release;
		};
		08E3BDB5246442E4000162BE /* Build configuration list for PBXNativeTarget "ImageUpload" */ = {
			isa = XCConfigurationList;
			buildConfigurations = (
				08E3BDB6246442E4000162BE /* Debug */,
				08E3BDB7246442E4000162BE /* Release */,
			);
			defaultConfigurationIsVisible = 0;
			defaultConfigurationName = Release;
		};
/* End XCConfigurationList section */
	};
	rootObject = 08E3BD99246442E1000162BE /* Project object */;
}
